// !$*UTF8*$!
{
	archiveVersion = 1;
	classes = {
	};
	objectVersion = 50;
	objects = {

/* Begin PBXBuildFile section */
		4AE2110C1143A0A6C601F740 /* Pods_VideoPlayer.framework in Frameworks */ = {isa = PBXBuildFile; fileRef = C52883F0C86ECB2802A65B2E /* Pods_VideoPlayer.framework */; };
		830BF88422FA8E5F00D3D848 /* CustomSlider.swift in Sources */ = {isa = PBXBuildFile; fileRef = 830BF88322FA8E5F00D3D848 /* CustomSlider.swift */; };
		8311BD07230E873D0004E891 /* UIPanGestureRecognizer+.swift in Sources */ = {isa = PBXBuildFile; fileRef = 8311BD06230E873D0004E891 /* UIPanGestureRecognizer+.swift */; };
		8311BD13230FD8950004E891 /* VideoAspectRatio.swift in Sources */ = {isa = PBXBuildFile; fileRef = 8311BD12230FD8950004E891 /* VideoAspectRatio.swift */; };
		8316088A22F0392C004390AA /* UINavigationController+.swift in Sources */ = {isa = PBXBuildFile; fileRef = 8316088922F0392C004390AA /* UINavigationController+.swift */; };
		8316088C22F150B4004390AA /* URL+.swift in Sources */ = {isa = PBXBuildFile; fileRef = 8316088B22F150B4004390AA /* URL+.swift */; };
		8325628C2301003000C4F1FC /* empty.cpp in Sources */ = {isa = PBXBuildFile; fileRef = 8325628B2301003000C4F1FC /* empty.cpp */; };
		8327B07122F2B33200D31C84 /* PlayerUtils.swift in Sources */ = {isa = PBXBuildFile; fileRef = 8327B07022F2B33200D31C84 /* PlayerUtils.swift */; };
		8327B07522F3CCB800D31C84 /* PlayerView.xib in Resources */ = {isa = PBXBuildFile; fileRef = 8327B07422F3CCB800D31C84 /* PlayerView.xib */; };
		8327B07722F3CF4B00D31C84 /* VideoPlayerController.storyboard in Resources */ = {isa = PBXBuildFile; fileRef = 8327B07622F3CF4B00D31C84 /* VideoPlayerController.storyboard */; };
		8327B07922F3CF6700D31C84 /* VideoPlayerController.swift in Sources */ = {isa = PBXBuildFile; fileRef = 8327B07822F3CF6700D31C84 /* VideoPlayerController.swift */; };
		8327B07B22F4045300D31C84 /* PlayerSlider.swift in Sources */ = {isa = PBXBuildFile; fileRef = 8327B07A22F4045200D31C84 /* PlayerSlider.swift */; };
		832925902310F4DD009BE3D4 /* Toast.swift in Sources */ = {isa = PBXBuildFile; fileRef = 8329258F2310F4DD009BE3D4 /* Toast.swift */; };
		83292597231256ED009BE3D4 /* BrightnessSettingView.swift in Sources */ = {isa = PBXBuildFile; fileRef = 83292595231256ED009BE3D4 /* BrightnessSettingView.swift */; };
		83292598231256ED009BE3D4 /* BrightnessSettingView.xib in Resources */ = {isa = PBXBuildFile; fileRef = 83292596231256ED009BE3D4 /* BrightnessSettingView.xib */; };
		8330BB3F22EA7EB60038FAE9 /* FileListViewController.storyboard in Resources */ = {isa = PBXBuildFile; fileRef = 8330BB3E22EA7EB60038FAE9 /* FileListViewController.storyboard */; };
		8330BB4122EA7ECB0038FAE9 /* FileListViewController.swift in Sources */ = {isa = PBXBuildFile; fileRef = 8330BB4022EA7ECB0038FAE9 /* FileListViewController.swift */; };
		8330BB4422EA80C50038FAE9 /* FileItemTableViewCell.swift in Sources */ = {isa = PBXBuildFile; fileRef = 8330BB4322EA80C50038FAE9 /* FileItemTableViewCell.swift */; };
		8330BB4A22EA81FE0038FAE9 /* FileObject.swift in Sources */ = {isa = PBXBuildFile; fileRef = 8330BB4922EA81FE0038FAE9 /* FileObject.swift */; };
		833748E82315140B00B535F0 /* BrightnessToastView.xib in Resources */ = {isa = PBXBuildFile; fileRef = 833748E72315140B00B535F0 /* BrightnessToastView.xib */; };
		833748EA2315141700B535F0 /* BrightnessToastView.swift in Sources */ = {isa = PBXBuildFile; fileRef = 833748E92315141700B535F0 /* BrightnessToastView.swift */; };
		833748FA2317AD6600B535F0 /* SettingPopupViewController.storyboard in Resources */ = {isa = PBXBuildFile; fileRef = 833748F92317AD6600B535F0 /* SettingPopupViewController.storyboard */; };
		833CD48F22F2676B00617F63 /* TextViewerController.storyboard in Resources */ = {isa = PBXBuildFile; fileRef = 833CD48E22F2676B00617F63 /* TextViewerController.storyboard */; };
		833CD49122F267BB00617F63 /* TextViewerController.swift in Sources */ = {isa = PBXBuildFile; fileRef = 833CD49022F267BB00617F63 /* TextViewerController.swift */; };
		833CD49422F2A2B900617F63 /* Player.swift in Sources */ = {isa = PBXBuildFile; fileRef = 833CD49322F2A2B900617F63 /* Player.swift */; };
		833CD49622F2A68300617F63 /* PlayerView.swift in Sources */ = {isa = PBXBuildFile; fileRef = 833CD49522F2A68300617F63 /* PlayerView.swift */; };
		83560EB42344737E00AA48A2 /* SettingTabBarController.swift in Sources */ = {isa = PBXBuildFile; fileRef = 83560EB32344737E00AA48A2 /* SettingTabBarController.swift */; };
		835EBE0A2373FA2F000152B1 /* Int+.swift in Sources */ = {isa = PBXBuildFile; fileRef = 835EBE092373FA2F000152B1 /* Int+.swift */; };
		8361C6C622EEE40B006ECF31 /* String+.swift in Sources */ = {isa = PBXBuildFile; fileRef = 8361C6C522EEE40B006ECF31 /* String+.swift */; };
		83668D4022EE9147003C918B /* PlayMode.swift in Sources */ = {isa = PBXBuildFile; fileRef = 83668D3F22EE9147003C918B /* PlayMode.swift */; };
		83668D4822EEAE3C003C918B /* UIImage+SwiftyGif.swift in Sources */ = {isa = PBXBuildFile; fileRef = 83668D4522EEAE3C003C918B /* UIImage+SwiftyGif.swift */; };
		83668D4922EEAE3C003C918B /* UIImageView+SwiftyGif.swift in Sources */ = {isa = PBXBuildFile; fileRef = 83668D4622EEAE3C003C918B /* UIImageView+SwiftyGif.swift */; };
		83668D4A22EEAE3C003C918B /* SwiftyGifManager.swift in Sources */ = {isa = PBXBuildFile; fileRef = 83668D4722EEAE3C003C918B /* SwiftyGifManager.swift */; };
		836C8DE02305095900283583 /* CMTime+.swift in Sources */ = {isa = PBXBuildFile; fileRef = 836C8DDF2305095900283583 /* CMTime+.swift */; };
		837F8A3422F1813D005E0822 /* ImageViewerController.storyboard in Resources */ = {isa = PBXBuildFile; fileRef = 837F8A3322F1813D005E0822 /* ImageViewerController.storyboard */; };
		837F8A3622F18151005E0822 /* ImageViewerController.swift in Sources */ = {isa = PBXBuildFile; fileRef = 837F8A3522F18151005E0822 /* ImageViewerController.swift */; };
		837FC9A6236288900028CFF4 /* SliderDeprecated.swift in Sources */ = {isa = PBXBuildFile; fileRef = 837FC9A5236288900028CFF4 /* SliderDeprecated.swift */; };
		837FC9A823628F5D0028CFF4 /* PlayerSliderView.xib in Resources */ = {isa = PBXBuildFile; fileRef = 837FC9A723628F5D0028CFF4 /* PlayerSliderView.xib */; };
		837FC9AA23628F680028CFF4 /* PlayerSliderView.swift in Sources */ = {isa = PBXBuildFile; fileRef = 837FC9A923628F680028CFF4 /* PlayerSliderView.swift */; };
		83801844235EFC00000FC7A5 /* PopupViewController.swift in Sources */ = {isa = PBXBuildFile; fileRef = 83801843235EFC00000FC7A5 /* PopupViewController.swift */; };
		8389DC9C236352C7007D5779 /* StatusBar.swift in Sources */ = {isa = PBXBuildFile; fileRef = 8389DC9B236352C7007D5779 /* StatusBar.swift */; };
		8389DC9E236352D3007D5779 /* StatusBar.xib in Resources */ = {isa = PBXBuildFile; fileRef = 8389DC9D236352D3007D5779 /* StatusBar.xib */; };
		83945D462306359200B7987B /* DirectoryMonitor.swift in Sources */ = {isa = PBXBuildFile; fileRef = 83945D452306359200B7987B /* DirectoryMonitor.swift */; };
		839686CD237508E0002EA1F4 /* SubTitlePopupViewController.swift in Sources */ = {isa = PBXBuildFile; fileRef = 839686CC237508E0002EA1F4 /* SubTitlePopupViewController.swift */; };
		8398DD1A2314EF590084951A /* SleepTimerPopupView.xib in Resources */ = {isa = PBXBuildFile; fileRef = 8398DD192314EF590084951A /* SleepTimerPopupView.xib */; };
		8398DD1C2314EF680084951A /* SleepTimerPopupView.swift in Sources */ = {isa = PBXBuildFile; fileRef = 8398DD1B2314EF680084951A /* SleepTimerPopupView.swift */; };
		839E117422CC84A60096E43C /* AppDelegate.swift in Sources */ = {isa = PBXBuildFile; fileRef = 839E117322CC84A60096E43C /* AppDelegate.swift */; };
		839E117622CC84A60096E43C /* PlayViewController.swift in Sources */ = {isa = PBXBuildFile; fileRef = 839E117522CC84A60096E43C /* PlayViewController.swift */; };
		839E117922CC84A60096E43C /* PlayViewController.storyboard in Resources */ = {isa = PBXBuildFile; fileRef = 839E117722CC84A60096E43C /* PlayViewController.storyboard */; };
		839E117B22CC84A80096E43C /* Assets.xcassets in Resources */ = {isa = PBXBuildFile; fileRef = 839E117A22CC84A80096E43C /* Assets.xcassets */; };
		839E117E22CC84A80096E43C /* LaunchScreen.storyboard in Resources */ = {isa = PBXBuildFile; fileRef = 839E117C22CC84A80096E43C /* LaunchScreen.storyboard */; };
		839E118E22CC930C0096E43C /* VideoViewDeprecated.swift in Sources */ = {isa = PBXBuildFile; fileRef = 839E118C22CC930C0096E43C /* VideoViewDeprecated.swift */; };
		839E119322CC96FC0096E43C /* VideoControllerView.swift in Sources */ = {isa = PBXBuildFile; fileRef = 839E119222CC96FC0096E43C /* VideoControllerView.swift */; };
		839E119522CC98A00096E43C /* VideoControllerView.xib in Resources */ = {isa = PBXBuildFile; fileRef = 839E119422CC98A00096E43C /* VideoControllerView.xib */; };
		839F9DF222EFC278003AFA0D /* FileType.swift in Sources */ = {isa = PBXBuildFile; fileRef = 839F9DF122EFC278003AFA0D /* FileType.swift */; };
		839F9DF422EFDAEB003AFA0D /* UIColor+.swift in Sources */ = {isa = PBXBuildFile; fileRef = 839F9DF322EFDAEB003AFA0D /* UIColor+.swift */; };
		83A384A222CDC6C1007EA28D /* AVPlayer+.swift in Sources */ = {isa = PBXBuildFile; fileRef = 83A384A122CDC6C1007EA28D /* AVPlayer+.swift */; };
		83AEA34423139B9600354500 /* PreferenceManager.swift in Sources */ = {isa = PBXBuildFile; fileRef = 83AEA34323139B9600354500 /* PreferenceManager.swift */; };
		83AEA3462313ADB700354500 /* UIVIew+.swift in Sources */ = {isa = PBXBuildFile; fileRef = 83AEA3452313ADB700354500 /* UIVIew+.swift */; };
		83CB7A0B236E7DC10071B041 /* NSLayoutConstraint+.swift in Sources */ = {isa = PBXBuildFile; fileRef = 83CB7A0A236E7DC10071B041 /* NSLayoutConstraint+.swift */; };
		83D33ED923791C1800560335 /* TextTableViewCell.swift in Sources */ = {isa = PBXBuildFile; fileRef = 83D33ED723791C1800560335 /* TextTableViewCell.swift */; };
		83D33EDA23791C1800560335 /* TextTableViewCell.xib in Resources */ = {isa = PBXBuildFile; fileRef = 83D33ED823791C1800560335 /* TextTableViewCell.xib */; };
		83D33EDD23791C2600560335 /* SwitchTableViewCell.swift in Sources */ = {isa = PBXBuildFile; fileRef = 83D33EDB23791C2600560335 /* SwitchTableViewCell.swift */; };
		83D33EDE23791C2600560335 /* SwitchTableViewCell.xib in Resources */ = {isa = PBXBuildFile; fileRef = 83D33EDC23791C2600560335 /* SwitchTableViewCell.xib */; };
		83D33EE0237922FE00560335 /* VideoPopupViewController.swift in Sources */ = {isa = PBXBuildFile; fileRef = 83D33EDF237922FE00560335 /* VideoPopupViewController.swift */; };
		83D33EE22379238300560335 /* VideoConfigObject.swift in Sources */ = {isa = PBXBuildFile; fileRef = 83D33EE12379238300560335 /* VideoConfigObject.swift */; };
		83D33EE6237A433A00560335 /* MarqueeLabel.swift in Sources */ = {isa = PBXBuildFile; fileRef = 83D33EE5237A433A00560335 /* MarqueeLabel.swift */; };
		83D33EE8237A527A00560335 /* PopupResolutionViewController.storyboard in Resources */ = {isa = PBXBuildFile; fileRef = 83D33EE7237A527A00560335 /* PopupResolutionViewController.storyboard */; };
		83D33EEA237A528100560335 /* PopupResolutionViewController.swift in Sources */ = {isa = PBXBuildFile; fileRef = 83D33EE9237A528100560335 /* PopupResolutionViewController.swift */; };
		83D33EEC237BA2BF00560335 /* AudioPopupViewController.swift in Sources */ = {isa = PBXBuildFile; fileRef = 83D33EEB237BA2BF00560335 /* AudioPopupViewController.swift */; };
		83D33EEF237BCED500560335 /* SliderTableViewCell.swift in Sources */ = {isa = PBXBuildFile; fileRef = 83D33EED237BCED500560335 /* SliderTableViewCell.swift */; };
		83D33EF0237BCED500560335 /* SliderTableViewCell.xib in Resources */ = {isa = PBXBuildFile; fileRef = 83D33EEE237BCED500560335 /* SliderTableViewCell.xib */; };
		83D33EF3237BCEE900560335 /* StepperTableViewCell.swift in Sources */ = {isa = PBXBuildFile; fileRef = 83D33EF1237BCEE900560335 /* StepperTableViewCell.swift */; };
		83D33EF4237BCEE900560335 /* StepperTableViewCell.xib in Resources */ = {isa = PBXBuildFile; fileRef = 83D33EF2237BCEE900560335 /* StepperTableViewCell.xib */; };
		83EE116F230CCB220030A24E /* VideoDetailViewController.storyboard in Resources */ = {isa = PBXBuildFile; fileRef = 83EE116E230CCB220030A24E /* VideoDetailViewController.storyboard */; };
		83EE1172230CCB9B0030A24E /* VideoDetailViewController.swift in Sources */ = {isa = PBXBuildFile; fileRef = 83EE1171230CCB9B0030A24E /* VideoDetailViewController.swift */; };
		83EE1174230CE38E0030A24E /* FourCharCode+.swift in Sources */ = {isa = PBXBuildFile; fileRef = 83EE1173230CE38E0030A24E /* FourCharCode+.swift */; };
		83EE1176230D16C50030A24E /* VideoView.xib in Resources */ = {isa = PBXBuildFile; fileRef = 83EE1175230D16C50030A24E /* VideoView.xib */; };
		83EE1178230D1B320030A24E /* VideoView.swift in Sources */ = {isa = PBXBuildFile; fileRef = 83EE1177230D1B320030A24E /* VideoView.swift */; };
		83EE117A230D2E300030A24E /* AppUtility.swift in Sources */ = {isa = PBXBuildFile; fileRef = 83EE1179230D2E300030A24E /* AppUtility.swift */; };
/* End PBXBuildFile section */

/* Begin PBXFileReference section */
		385F4DCCD06520C7D1664878 /* Pods-VideoPlayer.debug.xcconfig */ = {isa = PBXFileReference; includeInIndex = 1; lastKnownFileType = text.xcconfig; name = "Pods-VideoPlayer.debug.xcconfig"; path = "Target Support Files/Pods-VideoPlayer/Pods-VideoPlayer.debug.xcconfig"; sourceTree = "<group>"; };
		830BF88322FA8E5F00D3D848 /* CustomSlider.swift */ = {isa = PBXFileReference; lastKnownFileType = sourcecode.swift; path = CustomSlider.swift; sourceTree = "<group>"; };
		8311BD06230E873D0004E891 /* UIPanGestureRecognizer+.swift */ = {isa = PBXFileReference; lastKnownFileType = sourcecode.swift; path = "UIPanGestureRecognizer+.swift"; sourceTree = "<group>"; };
		8311BD12230FD8950004E891 /* VideoAspectRatio.swift */ = {isa = PBXFileReference; lastKnownFileType = sourcecode.swift; path = VideoAspectRatio.swift; sourceTree = "<group>"; };
		8316088922F0392C004390AA /* UINavigationController+.swift */ = {isa = PBXFileReference; lastKnownFileType = sourcecode.swift; path = "UINavigationController+.swift"; sourceTree = "<group>"; };
		8316088B22F150B4004390AA /* URL+.swift */ = {isa = PBXFileReference; lastKnownFileType = sourcecode.swift; path = "URL+.swift"; sourceTree = "<group>"; };
		832562882301002E00C4F1FC /* VideoPlayer-Bridging-Header.h */ = {isa = PBXFileReference; lastKnownFileType = sourcecode.c.h; path = "VideoPlayer-Bridging-Header.h"; sourceTree = "<group>"; };
		8325628A2301002F00C4F1FC /* empty.hpp */ = {isa = PBXFileReference; fileEncoding = 4; lastKnownFileType = sourcecode.cpp.h; path = empty.hpp; sourceTree = "<group>"; };
		8325628B2301003000C4F1FC /* empty.cpp */ = {isa = PBXFileReference; fileEncoding = 4; lastKnownFileType = sourcecode.cpp.cpp; path = empty.cpp; sourceTree = "<group>"; };
		8327B07022F2B33200D31C84 /* PlayerUtils.swift */ = {isa = PBXFileReference; lastKnownFileType = sourcecode.swift; path = PlayerUtils.swift; sourceTree = "<group>"; };
		8327B07422F3CCB800D31C84 /* PlayerView.xib */ = {isa = PBXFileReference; lastKnownFileType = file.xib; path = PlayerView.xib; sourceTree = "<group>"; };
		8327B07622F3CF4B00D31C84 /* VideoPlayerController.storyboard */ = {isa = PBXFileReference; lastKnownFileType = file.storyboard; path = VideoPlayerController.storyboard; sourceTree = "<group>"; };
		8327B07822F3CF6700D31C84 /* VideoPlayerController.swift */ = {isa = PBXFileReference; lastKnownFileType = sourcecode.swift; path = VideoPlayerController.swift; sourceTree = "<group>"; };
		8327B07A22F4045200D31C84 /* PlayerSlider.swift */ = {isa = PBXFileReference; lastKnownFileType = sourcecode.swift; path = PlayerSlider.swift; sourceTree = "<group>"; };
		8329258F2310F4DD009BE3D4 /* Toast.swift */ = {isa = PBXFileReference; fileEncoding = 4; lastKnownFileType = sourcecode.swift; path = Toast.swift; sourceTree = "<group>"; };
		83292595231256ED009BE3D4 /* BrightnessSettingView.swift */ = {isa = PBXFileReference; fileEncoding = 4; lastKnownFileType = sourcecode.swift; path = BrightnessSettingView.swift; sourceTree = "<group>"; };
		83292596231256ED009BE3D4 /* BrightnessSettingView.xib */ = {isa = PBXFileReference; fileEncoding = 4; lastKnownFileType = file.xib; path = BrightnessSettingView.xib; sourceTree = "<group>"; };
		8330BB3E22EA7EB60038FAE9 /* FileListViewController.storyboard */ = {isa = PBXFileReference; lastKnownFileType = file.storyboard; path = FileListViewController.storyboard; sourceTree = "<group>"; };
		8330BB4022EA7ECB0038FAE9 /* FileListViewController.swift */ = {isa = PBXFileReference; lastKnownFileType = sourcecode.swift; path = FileListViewController.swift; sourceTree = "<group>"; };
		8330BB4322EA80C50038FAE9 /* FileItemTableViewCell.swift */ = {isa = PBXFileReference; lastKnownFileType = sourcecode.swift; path = FileItemTableViewCell.swift; sourceTree = "<group>"; };
		8330BB4922EA81FE0038FAE9 /* FileObject.swift */ = {isa = PBXFileReference; lastKnownFileType = sourcecode.swift; path = FileObject.swift; sourceTree = "<group>"; };
		833748E72315140B00B535F0 /* BrightnessToastView.xib */ = {isa = PBXFileReference; lastKnownFileType = file.xib; path = BrightnessToastView.xib; sourceTree = "<group>"; };
		833748E92315141700B535F0 /* BrightnessToastView.swift */ = {isa = PBXFileReference; lastKnownFileType = sourcecode.swift; path = BrightnessToastView.swift; sourceTree = "<group>"; };
		833748F92317AD6600B535F0 /* SettingPopupViewController.storyboard */ = {isa = PBXFileReference; lastKnownFileType = file.storyboard; path = SettingPopupViewController.storyboard; sourceTree = "<group>"; };
		833CD48E22F2676B00617F63 /* TextViewerController.storyboard */ = {isa = PBXFileReference; lastKnownFileType = file.storyboard; path = TextViewerController.storyboard; sourceTree = "<group>"; };
		833CD49022F267BB00617F63 /* TextViewerController.swift */ = {isa = PBXFileReference; lastKnownFileType = sourcecode.swift; path = TextViewerController.swift; sourceTree = "<group>"; };
		833CD49322F2A2B900617F63 /* Player.swift */ = {isa = PBXFileReference; lastKnownFileType = sourcecode.swift; path = Player.swift; sourceTree = "<group>"; };
		833CD49522F2A68300617F63 /* PlayerView.swift */ = {isa = PBXFileReference; lastKnownFileType = sourcecode.swift; path = PlayerView.swift; sourceTree = "<group>"; };
		83560EB32344737E00AA48A2 /* SettingTabBarController.swift */ = {isa = PBXFileReference; lastKnownFileType = sourcecode.swift; path = SettingTabBarController.swift; sourceTree = "<group>"; };
		835EBE092373FA2F000152B1 /* Int+.swift */ = {isa = PBXFileReference; lastKnownFileType = sourcecode.swift; path = "Int+.swift"; sourceTree = "<group>"; };
		8361C6C522EEE40B006ECF31 /* String+.swift */ = {isa = PBXFileReference; lastKnownFileType = sourcecode.swift; path = "String+.swift"; sourceTree = "<group>"; };
		83668D3F22EE9147003C918B /* PlayMode.swift */ = {isa = PBXFileReference; lastKnownFileType = sourcecode.swift; name = PlayMode.swift; path = ../../Video/PlayMode.swift; sourceTree = "<group>"; };
		83668D4522EEAE3C003C918B /* UIImage+SwiftyGif.swift */ = {isa = PBXFileReference; fileEncoding = 4; lastKnownFileType = sourcecode.swift; path = "UIImage+SwiftyGif.swift"; sourceTree = "<group>"; };
		83668D4622EEAE3C003C918B /* UIImageView+SwiftyGif.swift */ = {isa = PBXFileReference; fileEncoding = 4; lastKnownFileType = sourcecode.swift; path = "UIImageView+SwiftyGif.swift"; sourceTree = "<group>"; };
		83668D4722EEAE3C003C918B /* SwiftyGifManager.swift */ = {isa = PBXFileReference; fileEncoding = 4; lastKnownFileType = sourcecode.swift; path = SwiftyGifManager.swift; sourceTree = "<group>"; };
		836C8DDF2305095900283583 /* CMTime+.swift */ = {isa = PBXFileReference; lastKnownFileType = sourcecode.swift; path = "CMTime+.swift"; sourceTree = "<group>"; };
		837F8A3322F1813D005E0822 /* ImageViewerController.storyboard */ = {isa = PBXFileReference; lastKnownFileType = file.storyboard; path = ImageViewerController.storyboard; sourceTree = "<group>"; };
		837F8A3522F18151005E0822 /* ImageViewerController.swift */ = {isa = PBXFileReference; lastKnownFileType = sourcecode.swift; path = ImageViewerController.swift; sourceTree = "<group>"; };
		837FC9A5236288900028CFF4 /* SliderDeprecated.swift */ = {isa = PBXFileReference; lastKnownFileType = sourcecode.swift; path = SliderDeprecated.swift; sourceTree = "<group>"; };
		837FC9A723628F5D0028CFF4 /* PlayerSliderView.xib */ = {isa = PBXFileReference; lastKnownFileType = file.xib; path = PlayerSliderView.xib; sourceTree = "<group>"; };
		837FC9A923628F680028CFF4 /* PlayerSliderView.swift */ = {isa = PBXFileReference; lastKnownFileType = sourcecode.swift; path = PlayerSliderView.swift; sourceTree = "<group>"; };
		83801843235EFC00000FC7A5 /* PopupViewController.swift */ = {isa = PBXFileReference; fileEncoding = 4; lastKnownFileType = sourcecode.swift; path = PopupViewController.swift; sourceTree = "<group>"; };
		8389DC9B236352C7007D5779 /* StatusBar.swift */ = {isa = PBXFileReference; lastKnownFileType = sourcecode.swift; path = StatusBar.swift; sourceTree = "<group>"; };
		8389DC9D236352D3007D5779 /* StatusBar.xib */ = {isa = PBXFileReference; lastKnownFileType = file.xib; path = StatusBar.xib; sourceTree = "<group>"; };
		83945D452306359200B7987B /* DirectoryMonitor.swift */ = {isa = PBXFileReference; lastKnownFileType = sourcecode.swift; path = DirectoryMonitor.swift; sourceTree = "<group>"; };
		839686CC237508E0002EA1F4 /* SubTitlePopupViewController.swift */ = {isa = PBXFileReference; lastKnownFileType = sourcecode.swift; path = SubTitlePopupViewController.swift; sourceTree = "<group>"; };
		8398DD192314EF590084951A /* SleepTimerPopupView.xib */ = {isa = PBXFileReference; lastKnownFileType = file.xib; path = SleepTimerPopupView.xib; sourceTree = "<group>"; };
		8398DD1B2314EF680084951A /* SleepTimerPopupView.swift */ = {isa = PBXFileReference; lastKnownFileType = sourcecode.swift; path = SleepTimerPopupView.swift; sourceTree = "<group>"; };
		839E117022CC84A60096E43C /* VideoPlayer.app */ = {isa = PBXFileReference; explicitFileType = wrapper.application; includeInIndex = 0; path = VideoPlayer.app; sourceTree = BUILT_PRODUCTS_DIR; };
		839E117322CC84A60096E43C /* AppDelegate.swift */ = {isa = PBXFileReference; lastKnownFileType = sourcecode.swift; path = AppDelegate.swift; sourceTree = "<group>"; };
		839E117522CC84A60096E43C /* PlayViewController.swift */ = {isa = PBXFileReference; lastKnownFileType = sourcecode.swift; path = PlayViewController.swift; sourceTree = "<group>"; };
		839E117822CC84A60096E43C /* Base */ = {isa = PBXFileReference; lastKnownFileType = file.storyboard; name = Base; path = Base.lproj/PlayViewController.storyboard; sourceTree = "<group>"; };
		839E117A22CC84A80096E43C /* Assets.xcassets */ = {isa = PBXFileReference; lastKnownFileType = folder.assetcatalog; path = Assets.xcassets; sourceTree = "<group>"; };
		839E117D22CC84A80096E43C /* Base */ = {isa = PBXFileReference; lastKnownFileType = file.storyboard; name = Base; path = Base.lproj/LaunchScreen.storyboard; sourceTree = "<group>"; };
		839E117F22CC84A80096E43C /* Info.plist */ = {isa = PBXFileReference; lastKnownFileType = text.plist.xml; path = Info.plist; sourceTree = "<group>"; };
		839E118C22CC930C0096E43C /* VideoViewDeprecated.swift */ = {isa = PBXFileReference; fileEncoding = 4; lastKnownFileType = sourcecode.swift; path = VideoViewDeprecated.swift; sourceTree = "<group>"; };
		839E119222CC96FC0096E43C /* VideoControllerView.swift */ = {isa = PBXFileReference; lastKnownFileType = sourcecode.swift; path = VideoControllerView.swift; sourceTree = "<group>"; };
		839E119422CC98A00096E43C /* VideoControllerView.xib */ = {isa = PBXFileReference; lastKnownFileType = file.xib; path = VideoControllerView.xib; sourceTree = "<group>"; };
		839F9DF122EFC278003AFA0D /* FileType.swift */ = {isa = PBXFileReference; lastKnownFileType = sourcecode.swift; name = FileType.swift; path = VideoPlayer/Common/Extension/FileType.swift; sourceTree = SOURCE_ROOT; };
		839F9DF322EFDAEB003AFA0D /* UIColor+.swift */ = {isa = PBXFileReference; lastKnownFileType = sourcecode.swift; path = "UIColor+.swift"; sourceTree = "<group>"; };
		83A384A122CDC6C1007EA28D /* AVPlayer+.swift */ = {isa = PBXFileReference; lastKnownFileType = sourcecode.swift; path = "AVPlayer+.swift"; sourceTree = "<group>"; };
		83AEA34323139B9600354500 /* PreferenceManager.swift */ = {isa = PBXFileReference; lastKnownFileType = sourcecode.swift; path = PreferenceManager.swift; sourceTree = "<group>"; };
		83AEA3452313ADB700354500 /* UIVIew+.swift */ = {isa = PBXFileReference; lastKnownFileType = sourcecode.swift; path = "UIVIew+.swift"; sourceTree = "<group>"; };
		83CB7A0A236E7DC10071B041 /* NSLayoutConstraint+.swift */ = {isa = PBXFileReference; lastKnownFileType = sourcecode.swift; path = "NSLayoutConstraint+.swift"; sourceTree = "<group>"; };
		83D33ED723791C1800560335 /* TextTableViewCell.swift */ = {isa = PBXFileReference; lastKnownFileType = sourcecode.swift; path = TextTableViewCell.swift; sourceTree = "<group>"; };
		83D33ED823791C1800560335 /* TextTableViewCell.xib */ = {isa = PBXFileReference; lastKnownFileType = file.xib; path = TextTableViewCell.xib; sourceTree = "<group>"; };
		83D33EDB23791C2600560335 /* SwitchTableViewCell.swift */ = {isa = PBXFileReference; lastKnownFileType = sourcecode.swift; path = SwitchTableViewCell.swift; sourceTree = "<group>"; };
		83D33EDC23791C2600560335 /* SwitchTableViewCell.xib */ = {isa = PBXFileReference; lastKnownFileType = file.xib; path = SwitchTableViewCell.xib; sourceTree = "<group>"; };
		83D33EDF237922FE00560335 /* VideoPopupViewController.swift */ = {isa = PBXFileReference; lastKnownFileType = sourcecode.swift; path = VideoPopupViewController.swift; sourceTree = "<group>"; };
		83D33EE12379238300560335 /* VideoConfigObject.swift */ = {isa = PBXFileReference; lastKnownFileType = sourcecode.swift; path = VideoConfigObject.swift; sourceTree = "<group>"; };
		83D33EE5237A433A00560335 /* MarqueeLabel.swift */ = {isa = PBXFileReference; lastKnownFileType = sourcecode.swift; path = MarqueeLabel.swift; sourceTree = "<group>"; };
		83D33EE7237A527A00560335 /* PopupResolutionViewController.storyboard */ = {isa = PBXFileReference; lastKnownFileType = file.storyboard; path = PopupResolutionViewController.storyboard; sourceTree = "<group>"; };
		83D33EE9237A528100560335 /* PopupResolutionViewController.swift */ = {isa = PBXFileReference; lastKnownFileType = sourcecode.swift; path = PopupResolutionViewController.swift; sourceTree = "<group>"; };
		83D33EEB237BA2BF00560335 /* AudioPopupViewController.swift */ = {isa = PBXFileReference; lastKnownFileType = sourcecode.swift; path = AudioPopupViewController.swift; sourceTree = "<group>"; };
		83D33EED237BCED500560335 /* SliderTableViewCell.swift */ = {isa = PBXFileReference; lastKnownFileType = sourcecode.swift; path = SliderTableViewCell.swift; sourceTree = "<group>"; };
		83D33EEE237BCED500560335 /* SliderTableViewCell.xib */ = {isa = PBXFileReference; lastKnownFileType = file.xib; path = SliderTableViewCell.xib; sourceTree = "<group>"; };
		83D33EF1237BCEE900560335 /* StepperTableViewCell.swift */ = {isa = PBXFileReference; lastKnownFileType = sourcecode.swift; path = StepperTableViewCell.swift; sourceTree = "<group>"; };
		83D33EF2237BCEE900560335 /* StepperTableViewCell.xib */ = {isa = PBXFileReference; lastKnownFileType = file.xib; path = StepperTableViewCell.xib; sourceTree = "<group>"; };
		83EE116E230CCB220030A24E /* VideoDetailViewController.storyboard */ = {isa = PBXFileReference; lastKnownFileType = file.storyboard; path = VideoDetailViewController.storyboard; sourceTree = "<group>"; };
		83EE1171230CCB9B0030A24E /* VideoDetailViewController.swift */ = {isa = PBXFileReference; lastKnownFileType = sourcecode.swift; path = VideoDetailViewController.swift; sourceTree = "<group>"; };
		83EE1173230CE38E0030A24E /* FourCharCode+.swift */ = {isa = PBXFileReference; lastKnownFileType = sourcecode.swift; path = "FourCharCode+.swift"; sourceTree = "<group>"; };
		83EE1175230D16C50030A24E /* VideoView.xib */ = {isa = PBXFileReference; lastKnownFileType = file.xib; path = VideoView.xib; sourceTree = "<group>"; };
		83EE1177230D1B320030A24E /* VideoView.swift */ = {isa = PBXFileReference; lastKnownFileType = sourcecode.swift; path = VideoView.swift; sourceTree = "<group>"; };
		83EE1179230D2E300030A24E /* AppUtility.swift */ = {isa = PBXFileReference; lastKnownFileType = sourcecode.swift; path = AppUtility.swift; sourceTree = "<group>"; };
		C52883F0C86ECB2802A65B2E /* Pods_VideoPlayer.framework */ = {isa = PBXFileReference; explicitFileType = wrapper.framework; includeInIndex = 0; path = Pods_VideoPlayer.framework; sourceTree = BUILT_PRODUCTS_DIR; };
		DAD917FC3CC87FF5AADC8667 /* Pods-VideoPlayer.release.xcconfig */ = {isa = PBXFileReference; includeInIndex = 1; lastKnownFileType = text.xcconfig; name = "Pods-VideoPlayer.release.xcconfig"; path = "Target Support Files/Pods-VideoPlayer/Pods-VideoPlayer.release.xcconfig"; sourceTree = "<group>"; };
/* End PBXFileReference section */

/* Begin PBXFrameworksBuildPhase section */
		839E116D22CC84A60096E43C /* Frameworks */ = {
			isa = PBXFrameworksBuildPhase;
			buildActionMask = 2147483647;
			files = (
				4AE2110C1143A0A6C601F740 /* Pods_VideoPlayer.framework in Frameworks */,
			);
			runOnlyForDeploymentPostprocessing = 0;
		};
/* End PBXFrameworksBuildPhase section */

/* Begin PBXGroup section */
		8330BB3C22EA7E8E0038FAE9 /* View */ = {
			isa = PBXGroup;
			children = (
				8330BB3E22EA7EB60038FAE9 /* FileListViewController.storyboard */,
				837F8A3322F1813D005E0822 /* ImageViewerController.storyboard */,
				833CD48E22F2676B00617F63 /* TextViewerController.storyboard */,
				8327B07622F3CF4B00D31C84 /* VideoPlayerController.storyboard */,
				83EE116E230CCB220030A24E /* VideoDetailViewController.storyboard */,
				833748F92317AD6600B535F0 /* SettingPopupViewController.storyboard */,
				83D33EE7237A527A00560335 /* PopupResolutionViewController.storyboard */,
			);
			path = View;
			sourceTree = "<group>";
		};
		8330BB3D22EA7E910038FAE9 /* Controller */ = {
			isa = PBXGroup;
			children = (
				8330BB4022EA7ECB0038FAE9 /* FileListViewController.swift */,
				837F8A3522F18151005E0822 /* ImageViewerController.swift */,
				833CD49022F267BB00617F63 /* TextViewerController.swift */,
				8327B07822F3CF6700D31C84 /* VideoPlayerController.swift */,
				83EE1171230CCB9B0030A24E /* VideoDetailViewController.swift */,
				83D33EDF237922FE00560335 /* VideoPopupViewController.swift */,
				83D33EE9237A528100560335 /* PopupResolutionViewController.swift */,
				83D33EEB237BA2BF00560335 /* AudioPopupViewController.swift */,
				839686CC237508E0002EA1F4 /* SubTitlePopupViewController.swift */,
			);
			path = Controller;
			sourceTree = "<group>";
		};
		8330BB4222EA80B30038FAE9 /* CustomCell */ = {
			isa = PBXGroup;
			children = (
				8330BB4322EA80C50038FAE9 /* FileItemTableViewCell.swift */,
				83D33ED723791C1800560335 /* TextTableViewCell.swift */,
				83D33ED823791C1800560335 /* TextTableViewCell.xib */,
				83D33EDB23791C2600560335 /* SwitchTableViewCell.swift */,
				83D33EDC23791C2600560335 /* SwitchTableViewCell.xib */,
				83D33EED237BCED500560335 /* SliderTableViewCell.swift */,
				83D33EEE237BCED500560335 /* SliderTableViewCell.xib */,
				83D33EF1237BCEE900560335 /* StepperTableViewCell.swift */,
				83D33EF2237BCEE900560335 /* StepperTableViewCell.xib */,
			);
			path = CustomCell;
			sourceTree = "<group>";
		};
		8330BB4822EA81E90038FAE9 /* Model */ = {
			isa = PBXGroup;
			children = (
				8330BB4922EA81FE0038FAE9 /* FileObject.swift */,
				83D33EE12379238300560335 /* VideoConfigObject.swift */,
			);
			path = Model;
			sourceTree = "<group>";
		};
		833CD49222F2A29300617F63 /* Player */ = {
			isa = PBXGroup;
			children = (
				833CD49322F2A2B900617F63 /* Player.swift */,
				8327B07422F3CCB800D31C84 /* PlayerView.xib */,
				833CD49522F2A68300617F63 /* PlayerView.swift */,
				8327B07022F2B33200D31C84 /* PlayerUtils.swift */,
				8327B07A22F4045200D31C84 /* PlayerSlider.swift */,
				830BF88322FA8E5F00D3D848 /* CustomSlider.swift */,
				837FC9A5236288900028CFF4 /* SliderDeprecated.swift */,
			);
			path = Player;
			sourceTree = "<group>";
		};
		8361C6C722EFC15C006ECF31 /* Enum */ = {
			isa = PBXGroup;
			children = (
				83668D3F22EE9147003C918B /* PlayMode.swift */,
				839F9DF122EFC278003AFA0D /* FileType.swift */,
				8311BD12230FD8950004E891 /* VideoAspectRatio.swift */,
			);
			path = Enum;
			sourceTree = "<group>";
		};
		83668D4322EEAE27003C918B /* Library */ = {
			isa = PBXGroup;
			children = (
				83668D4422EEAE2D003C918B /* SwiftyGif */,
				83945D452306359200B7987B /* DirectoryMonitor.swift */,
				83EE1179230D2E300030A24E /* AppUtility.swift */,
				8329258F2310F4DD009BE3D4 /* Toast.swift */,
				83801843235EFC00000FC7A5 /* PopupViewController.swift */,
				83D33EE5237A433A00560335 /* MarqueeLabel.swift */,
			);
			path = Library;
			sourceTree = "<group>";
		};
		83668D4422EEAE2D003C918B /* SwiftyGif */ = {
			isa = PBXGroup;
			children = (
				83668D4722EEAE3C003C918B /* SwiftyGifManager.swift */,
				83668D4522EEAE3C003C918B /* UIImage+SwiftyGif.swift */,
				83668D4622EEAE3C003C918B /* UIImageView+SwiftyGif.swift */,
			);
			path = SwiftyGif;
			sourceTree = "<group>";
		};
		839E116722CC84A60096E43C = {
			isa = PBXGroup;
			children = (
				839E117222CC84A60096E43C /* VideoPlayer */,
				839E117122CC84A60096E43C /* Products */,
				853CC935D1D8C14675D6AD63 /* Pods */,
				932CCA2CB984F6827DA9E1FC /* Frameworks */,
			);
			sourceTree = "<group>";
		};
		839E117122CC84A60096E43C /* Products */ = {
			isa = PBXGroup;
			children = (
				839E117022CC84A60096E43C /* VideoPlayer.app */,
			);
			name = Products;
			sourceTree = "<group>";
		};
		839E117222CC84A60096E43C /* VideoPlayer */ = {
			isa = PBXGroup;
			children = (
				83EE1170230CCB4C0030A24E /* Deprecated */,
				839E117322CC84A60096E43C /* AppDelegate.swift */,
				83A3849F22CDC6A8007EA28D /* Common */,
				8330BB4822EA81E90038FAE9 /* Model */,
				839E118B22CC92F60096E43C /* Video */,
				8330BB3C22EA7E8E0038FAE9 /* View */,
				8330BB3D22EA7E910038FAE9 /* Controller */,
				8330BB4222EA80B30038FAE9 /* CustomCell */,
				839E117A22CC84A80096E43C /* Assets.xcassets */,
				839E117C22CC84A80096E43C /* LaunchScreen.storyboard */,
				839E117F22CC84A80096E43C /* Info.plist */,
				832562882301002E00C4F1FC /* VideoPlayer-Bridging-Header.h */,
				8325628B2301003000C4F1FC /* empty.cpp */,
				8325628A2301002F00C4F1FC /* empty.hpp */,
			);
			path = VideoPlayer;
			sourceTree = "<group>";
		};
		839E118B22CC92F60096E43C /* Video */ = {
			isa = PBXGroup;
			children = (
				83EE1175230D16C50030A24E /* VideoView.xib */,
				83EE1177230D1B320030A24E /* VideoView.swift */,
				83292596231256ED009BE3D4 /* BrightnessSettingView.xib */,
				83292595231256ED009BE3D4 /* BrightnessSettingView.swift */,
				8398DD192314EF590084951A /* SleepTimerPopupView.xib */,
				8398DD1B2314EF680084951A /* SleepTimerPopupView.swift */,
				833748E72315140B00B535F0 /* BrightnessToastView.xib */,
				833748E92315141700B535F0 /* BrightnessToastView.swift */,
				8389DC9D236352D3007D5779 /* StatusBar.xib */,
				8389DC9B236352C7007D5779 /* StatusBar.swift */,
				837FC9A723628F5D0028CFF4 /* PlayerSliderView.xib */,
				837FC9A923628F680028CFF4 /* PlayerSliderView.swift */,
			);
			path = Video;
			sourceTree = "<group>";
		};
		83A3849F22CDC6A8007EA28D /* Common */ = {
			isa = PBXGroup;
			children = (
				8361C6C722EFC15C006ECF31 /* Enum */,
				83668D4322EEAE27003C918B /* Library */,
				83A384A022CDC6AD007EA28D /* Extension */,
				83AEA34323139B9600354500 /* PreferenceManager.swift */,
				83560EB32344737E00AA48A2 /* SettingTabBarController.swift */,
			);
			path = Common;
			sourceTree = "<group>";
		};
		83A384A022CDC6AD007EA28D /* Extension */ = {
			isa = PBXGroup;
			children = (
				83A384A122CDC6C1007EA28D /* AVPlayer+.swift */,
				8361C6C522EEE40B006ECF31 /* String+.swift */,
				839F9DF322EFDAEB003AFA0D /* UIColor+.swift */,
				8316088922F0392C004390AA /* UINavigationController+.swift */,
				8316088B22F150B4004390AA /* URL+.swift */,
				836C8DDF2305095900283583 /* CMTime+.swift */,
				83EE1173230CE38E0030A24E /* FourCharCode+.swift */,
				8311BD06230E873D0004E891 /* UIPanGestureRecognizer+.swift */,
				83AEA3452313ADB700354500 /* UIVIew+.swift */,
				83CB7A0A236E7DC10071B041 /* NSLayoutConstraint+.swift */,
				835EBE092373FA2F000152B1 /* Int+.swift */,
			);
			path = Extension;
			sourceTree = "<group>";
		};
		83EE1170230CCB4C0030A24E /* Deprecated */ = {
			isa = PBXGroup;
			children = (
				833CD49222F2A29300617F63 /* Player */,
				839E117722CC84A60096E43C /* PlayViewController.storyboard */,
				839E117522CC84A60096E43C /* PlayViewController.swift */,
				839E118C22CC930C0096E43C /* VideoViewDeprecated.swift */,
				839E119222CC96FC0096E43C /* VideoControllerView.swift */,
				839E119422CC98A00096E43C /* VideoControllerView.xib */,
			);
			path = Deprecated;
			sourceTree = "<group>";
		};
		853CC935D1D8C14675D6AD63 /* Pods */ = {
			isa = PBXGroup;
			children = (
				385F4DCCD06520C7D1664878 /* Pods-VideoPlayer.debug.xcconfig */,
				DAD917FC3CC87FF5AADC8667 /* Pods-VideoPlayer.release.xcconfig */,
			);
			path = Pods;
			sourceTree = "<group>";
		};
		932CCA2CB984F6827DA9E1FC /* Frameworks */ = {
			isa = PBXGroup;
			children = (
				C52883F0C86ECB2802A65B2E /* Pods_VideoPlayer.framework */,
			);
			name = Frameworks;
			sourceTree = "<group>";
		};
/* End PBXGroup section */

/* Begin PBXNativeTarget section */
		839E116F22CC84A60096E43C /* VideoPlayer */ = {
			isa = PBXNativeTarget;
			buildConfigurationList = 839E118222CC84A80096E43C /* Build configuration list for PBXNativeTarget "VideoPlayer" */;
			buildPhases = (
				EB0139868DF8E9A5D56D98D5 /* [CP] Check Pods Manifest.lock */,
				839E116C22CC84A60096E43C /* Sources */,
				839E116D22CC84A60096E43C /* Frameworks */,
				839E116E22CC84A60096E43C /* Resources */,
			);
			buildRules = (
			);
			dependencies = (
			);
			name = VideoPlayer;
			productName = VideoPlayer;
			productReference = 839E117022CC84A60096E43C /* VideoPlayer.app */;
			productType = "com.apple.product-type.application";
		};
/* End PBXNativeTarget section */

/* Begin PBXProject section */
		839E116822CC84A60096E43C /* Project object */ = {
			isa = PBXProject;
			attributes = {
				LastSwiftUpdateCheck = 1020;
				LastUpgradeCheck = 1020;
				ORGANIZATIONNAME = kiwan;
				TargetAttributes = {
					839E116F22CC84A60096E43C = {
						CreatedOnToolsVersion = 10.2.1;
						LastSwiftMigration = 1030;
						SystemCapabilities = {
							com.apple.BackgroundModes = {
								enabled = 1;
							};
						};
					};
				};
			};
			buildConfigurationList = 839E116B22CC84A60096E43C /* Build configuration list for PBXProject "VideoPlayer" */;
			compatibilityVersion = "Xcode 9.3";
			developmentRegion = en;
			hasScannedForEncodings = 0;
			knownRegions = (
				en,
				Base,
			);
			mainGroup = 839E116722CC84A60096E43C;
			productRefGroup = 839E117122CC84A60096E43C /* Products */;
			projectDirPath = "";
			projectRoot = "";
			targets = (
				839E116F22CC84A60096E43C /* VideoPlayer */,
			);
		};
/* End PBXProject section */

/* Begin PBXResourcesBuildPhase section */
		839E116E22CC84A60096E43C /* Resources */ = {
			isa = PBXResourcesBuildPhase;
			buildActionMask = 2147483647;
			files = (
				837FC9A823628F5D0028CFF4 /* PlayerSliderView.xib in Resources */,
				839E117E22CC84A80096E43C /* LaunchScreen.storyboard in Resources */,
				83D33EDE23791C2600560335 /* SwitchTableViewCell.xib in Resources */,
				839E117B22CC84A80096E43C /* Assets.xcassets in Resources */,
				839E119522CC98A00096E43C /* VideoControllerView.xib in Resources */,
				83EE1176230D16C50030A24E /* VideoView.xib in Resources */,
				8327B07522F3CCB800D31C84 /* PlayerView.xib in Resources */,
				8330BB3F22EA7EB60038FAE9 /* FileListViewController.storyboard in Resources */,
				833CD48F22F2676B00617F63 /* TextViewerController.storyboard in Resources */,
				83D33EDA23791C1800560335 /* TextTableViewCell.xib in Resources */,
				83D33EE8237A527A00560335 /* PopupResolutionViewController.storyboard in Resources */,
				83D33EF4237BCEE900560335 /* StepperTableViewCell.xib in Resources */,
				839E117922CC84A60096E43C /* PlayViewController.storyboard in Resources */,
				83292598231256ED009BE3D4 /* BrightnessSettingView.xib in Resources */,
				8327B07722F3CF4B00D31C84 /* VideoPlayerController.storyboard in Resources */,
				8398DD1A2314EF590084951A /* SleepTimerPopupView.xib in Resources */,
				833748FA2317AD6600B535F0 /* SettingPopupViewController.storyboard in Resources */,
				83D33EF0237BCED500560335 /* SliderTableViewCell.xib in Resources */,
				8389DC9E236352D3007D5779 /* StatusBar.xib in Resources */,
				83EE116F230CCB220030A24E /* VideoDetailViewController.storyboard in Resources */,
				837F8A3422F1813D005E0822 /* ImageViewerController.storyboard in Resources */,
				833748E82315140B00B535F0 /* BrightnessToastView.xib in Resources */,
			);
			runOnlyForDeploymentPostprocessing = 0;
		};
/* End PBXResourcesBuildPhase section */

/* Begin PBXShellScriptBuildPhase section */
		EB0139868DF8E9A5D56D98D5 /* [CP] Check Pods Manifest.lock */ = {
			isa = PBXShellScriptBuildPhase;
			buildActionMask = 2147483647;
			files = (
			);
			inputFileListPaths = (
			);
			inputPaths = (
				"${PODS_PODFILE_DIR_PATH}/Podfile.lock",
				"${PODS_ROOT}/Manifest.lock",
			);
			name = "[CP] Check Pods Manifest.lock";
			outputFileListPaths = (
			);
			outputPaths = (
				"$(DERIVED_FILE_DIR)/Pods-VideoPlayer-checkManifestLockResult.txt",
			);
			runOnlyForDeploymentPostprocessing = 0;
			shellPath = /bin/sh;
			shellScript = "diff \"${PODS_PODFILE_DIR_PATH}/Podfile.lock\" \"${PODS_ROOT}/Manifest.lock\" > /dev/null\nif [ $? != 0 ] ; then\n    # print error to STDERR\n    echo \"error: The sandbox is not in sync with the Podfile.lock. Run 'pod install' or update your CocoaPods installation.\" >&2\n    exit 1\nfi\n# This output is used by Xcode 'outputs' to avoid re-running this script phase.\necho \"SUCCESS\" > \"${SCRIPT_OUTPUT_FILE_0}\"\n";
			showEnvVarsInLog = 0;
		};
/* End PBXShellScriptBuildPhase section */

/* Begin PBXSourcesBuildPhase section */
		839E116C22CC84A60096E43C /* Sources */ = {
			isa = PBXSourcesBuildPhase;
			buildActionMask = 2147483647;
			files = (
				83EE117A230D2E300030A24E /* AppUtility.swift in Sources */,
				8316088A22F0392C004390AA /* UINavigationController+.swift in Sources */,
				83560EB42344737E00AA48A2 /* SettingTabBarController.swift in Sources */,
				8311BD07230E873D0004E891 /* UIPanGestureRecognizer+.swift in Sources */,
				8325628C2301003000C4F1FC /* empty.cpp in Sources */,
				83EE1174230CE38E0030A24E /* FourCharCode+.swift in Sources */,
				8316088C22F150B4004390AA /* URL+.swift in Sources */,
				83668D4A22EEAE3C003C918B /* SwiftyGifManager.swift in Sources */,
				833CD49622F2A68300617F63 /* PlayerView.swift in Sources */,
				83EE1172230CCB9B0030A24E /* VideoDetailViewController.swift in Sources */,
				835EBE0A2373FA2F000152B1 /* Int+.swift in Sources */,
				839E118E22CC930C0096E43C /* VideoViewDeprecated.swift in Sources */,
				83EE1178230D1B320030A24E /* VideoView.swift in Sources */,
				833CD49422F2A2B900617F63 /* Player.swift in Sources */,
				83D33EE22379238300560335 /* VideoConfigObject.swift in Sources */,
				8327B07B22F4045300D31C84 /* PlayerSlider.swift in Sources */,
				8398DD1C2314EF680084951A /* SleepTimerPopupView.swift in Sources */,
				83A384A222CDC6C1007EA28D /* AVPlayer+.swift in Sources */,
				83801844235EFC00000FC7A5 /* PopupViewController.swift in Sources */,
				8330BB4A22EA81FE0038FAE9 /* FileObject.swift in Sources */,
				8330BB4122EA7ECB0038FAE9 /* FileListViewController.swift in Sources */,
				83668D4922EEAE3C003C918B /* UIImageView+SwiftyGif.swift in Sources */,
				83668D4822EEAE3C003C918B /* UIImage+SwiftyGif.swift in Sources */,
				839E117622CC84A60096E43C /* PlayViewController.swift in Sources */,
				83945D462306359200B7987B /* DirectoryMonitor.swift in Sources */,
				83D33EEA237A528100560335 /* PopupResolutionViewController.swift in Sources */,
				839686CD237508E0002EA1F4 /* SubTitlePopupViewController.swift in Sources */,
				83CB7A0B236E7DC10071B041 /* NSLayoutConstraint+.swift in Sources */,
				8330BB4422EA80C50038FAE9 /* FileItemTableViewCell.swift in Sources */,
				837FC9A6236288900028CFF4 /* SliderDeprecated.swift in Sources */,
				8327B07922F3CF6700D31C84 /* VideoPlayerController.swift in Sources */,
				83D33ED923791C1800560335 /* TextTableViewCell.swift in Sources */,
				837FC9AA23628F680028CFF4 /* PlayerSliderView.swift in Sources */,
				836C8DE02305095900283583 /* CMTime+.swift in Sources */,
				839F9DF222EFC278003AFA0D /* FileType.swift in Sources */,
				839E119322CC96FC0096E43C /* VideoControllerView.swift in Sources */,
				8361C6C622EEE40B006ECF31 /* String+.swift in Sources */,
				83D33EE0237922FE00560335 /* VideoPopupViewController.swift in Sources */,
				833748EA2315141700B535F0 /* BrightnessToastView.swift in Sources */,
				8327B07122F2B33200D31C84 /* PlayerUtils.swift in Sources */,
				83D33EF3237BCEE900560335 /* StepperTableViewCell.swift in Sources */,
				83D33EDD23791C2600560335 /* SwitchTableViewCell.swift in Sources */,
				832925902310F4DD009BE3D4 /* Toast.swift in Sources */,
				83AEA34423139B9600354500 /* PreferenceManager.swift in Sources */,
				83292597231256ED009BE3D4 /* BrightnessSettingView.swift in Sources */,
				8311BD13230FD8950004E891 /* VideoAspectRatio.swift in Sources */,
				83D33EE6237A433A00560335 /* MarqueeLabel.swift in Sources */,
				833CD49122F267BB00617F63 /* TextViewerController.swift in Sources */,
				83668D4022EE9147003C918B /* PlayMode.swift in Sources */,
				837F8A3622F18151005E0822 /* ImageViewerController.swift in Sources */,
				83D33EEC237BA2BF00560335 /* AudioPopupViewController.swift in Sources */,
				830BF88422FA8E5F00D3D848 /* CustomSlider.swift in Sources */,
				839E117422CC84A60096E43C /* AppDelegate.swift in Sources */,
				83AEA3462313ADB700354500 /* UIVIew+.swift in Sources */,
				839F9DF422EFDAEB003AFA0D /* UIColor+.swift in Sources */,
				8389DC9C236352C7007D5779 /* StatusBar.swift in Sources */,
				83D33EEF237BCED500560335 /* SliderTableViewCell.swift in Sources */,
			);
			runOnlyForDeploymentPostprocessing = 0;
		};
/* End PBXSourcesBuildPhase section */

/* Begin PBXVariantGroup section */
		839E117722CC84A60096E43C /* PlayViewController.storyboard */ = {
			isa = PBXVariantGroup;
			children = (
				839E117822CC84A60096E43C /* Base */,
			);
			name = PlayViewController.storyboard;
			sourceTree = "<group>";
		};
		839E117C22CC84A80096E43C /* LaunchScreen.storyboard */ = {
			isa = PBXVariantGroup;
			children = (
				839E117D22CC84A80096E43C /* Base */,
			);
			name = LaunchScreen.storyboard;
			sourceTree = "<group>";
		};
/* End PBXVariantGroup section */

/* Begin XCBuildConfiguration section */
		839E118022CC84A80096E43C /* Debug */ = {
			isa = XCBuildConfiguration;
			buildSettings = {
				ALWAYS_SEARCH_USER_PATHS = NO;
				CLANG_ANALYZER_NONNULL = YES;
				CLANG_ANALYZER_NUMBER_OBJECT_CONVERSION = YES_AGGRESSIVE;
				CLANG_CXX_LANGUAGE_STANDARD = "gnu++14";
				CLANG_CXX_LIBRARY = "libc++";
				CLANG_ENABLE_MODULES = YES;
				CLANG_ENABLE_OBJC_ARC = YES;
				CLANG_ENABLE_OBJC_WEAK = YES;
				CLANG_WARN_BLOCK_CAPTURE_AUTORELEASING = YES;
				CLANG_WARN_BOOL_CONVERSION = YES;
				CLANG_WARN_COMMA = YES;
				CLANG_WARN_CONSTANT_CONVERSION = YES;
				CLANG_WARN_DEPRECATED_OBJC_IMPLEMENTATIONS = YES;
				CLANG_WARN_DIRECT_OBJC_ISA_USAGE = YES_ERROR;
				CLANG_WARN_DOCUMENTATION_COMMENTS = YES;
				CLANG_WARN_EMPTY_BODY = YES;
				CLANG_WARN_ENUM_CONVERSION = YES;
				CLANG_WARN_INFINITE_RECURSION = YES;
				CLANG_WARN_INT_CONVERSION = YES;
				CLANG_WARN_NON_LITERAL_NULL_CONVERSION = YES;
				CLANG_WARN_OBJC_IMPLICIT_RETAIN_SELF = YES;
				CLANG_WARN_OBJC_LITERAL_CONVERSION = YES;
				CLANG_WARN_OBJC_ROOT_CLASS = YES_ERROR;
				CLANG_WARN_RANGE_LOOP_ANALYSIS = YES;
				CLANG_WARN_STRICT_PROTOTYPES = YES;
				CLANG_WARN_SUSPICIOUS_MOVE = YES;
				CLANG_WARN_UNGUARDED_AVAILABILITY = YES_AGGRESSIVE;
				CLANG_WARN_UNREACHABLE_CODE = YES;
				CLANG_WARN__DUPLICATE_METHOD_MATCH = YES;
				CODE_SIGN_IDENTITY = "iPhone Developer";
				COPY_PHASE_STRIP = NO;
				DEBUG_INFORMATION_FORMAT = dwarf;
				ENABLE_STRICT_OBJC_MSGSEND = YES;
				ENABLE_TESTABILITY = YES;
				GCC_C_LANGUAGE_STANDARD = gnu11;
				GCC_DYNAMIC_NO_PIC = NO;
				GCC_NO_COMMON_BLOCKS = YES;
				GCC_OPTIMIZATION_LEVEL = 0;
				GCC_PREPROCESSOR_DEFINITIONS = (
					"DEBUG=1",
					"$(inherited)",
				);
				GCC_WARN_64_TO_32_BIT_CONVERSION = YES;
				GCC_WARN_ABOUT_RETURN_TYPE = YES_ERROR;
				GCC_WARN_UNDECLARED_SELECTOR = YES;
				GCC_WARN_UNINITIALIZED_AUTOS = YES_AGGRESSIVE;
				GCC_WARN_UNUSED_FUNCTION = YES;
				GCC_WARN_UNUSED_VARIABLE = YES;
				IPHONEOS_DEPLOYMENT_TARGET = 12.2;
				MTL_ENABLE_DEBUG_INFO = INCLUDE_SOURCE;
				MTL_FAST_MATH = YES;
				ONLY_ACTIVE_ARCH = YES;
				SDKROOT = iphoneos;
				SWIFT_ACTIVE_COMPILATION_CONDITIONS = DEBUG;
				SWIFT_OPTIMIZATION_LEVEL = "-Onone";
			};
			name = Debug;
		};
		839E118122CC84A80096E43C /* Release */ = {
			isa = XCBuildConfiguration;
			buildSettings = {
				ALWAYS_SEARCH_USER_PATHS = NO;
				CLANG_ANALYZER_NONNULL = YES;
				CLANG_ANALYZER_NUMBER_OBJECT_CONVERSION = YES_AGGRESSIVE;
				CLANG_CXX_LANGUAGE_STANDARD = "gnu++14";
				CLANG_CXX_LIBRARY = "libc++";
				CLANG_ENABLE_MODULES = YES;
				CLANG_ENABLE_OBJC_ARC = YES;
				CLANG_ENABLE_OBJC_WEAK = YES;
				CLANG_WARN_BLOCK_CAPTURE_AUTORELEASING = YES;
				CLANG_WARN_BOOL_CONVERSION = YES;
				CLANG_WARN_COMMA = YES;
				CLANG_WARN_CONSTANT_CONVERSION = YES;
				CLANG_WARN_DEPRECATED_OBJC_IMPLEMENTATIONS = YES;
				CLANG_WARN_DIRECT_OBJC_ISA_USAGE = YES_ERROR;
				CLANG_WARN_DOCUMENTATION_COMMENTS = YES;
				CLANG_WARN_EMPTY_BODY = YES;
				CLANG_WARN_ENUM_CONVERSION = YES;
				CLANG_WARN_INFINITE_RECURSION = YES;
				CLANG_WARN_INT_CONVERSION = YES;
				CLANG_WARN_NON_LITERAL_NULL_CONVERSION = YES;
				CLANG_WARN_OBJC_IMPLICIT_RETAIN_SELF = YES;
				CLANG_WARN_OBJC_LITERAL_CONVERSION = YES;
				CLANG_WARN_OBJC_ROOT_CLASS = YES_ERROR;
				CLANG_WARN_RANGE_LOOP_ANALYSIS = YES;
				CLANG_WARN_STRICT_PROTOTYPES = YES;
				CLANG_WARN_SUSPICIOUS_MOVE = YES;
				CLANG_WARN_UNGUARDED_AVAILABILITY = YES_AGGRESSIVE;
				CLANG_WARN_UNREACHABLE_CODE = YES;
				CLANG_WARN__DUPLICATE_METHOD_MATCH = YES;
				CODE_SIGN_IDENTITY = "iPhone Developer";
				COPY_PHASE_STRIP = NO;
				DEBUG_INFORMATION_FORMAT = "dwarf-with-dsym";
				ENABLE_NS_ASSERTIONS = NO;
				ENABLE_STRICT_OBJC_MSGSEND = YES;
				GCC_C_LANGUAGE_STANDARD = gnu11;
				GCC_NO_COMMON_BLOCKS = YES;
				GCC_WARN_64_TO_32_BIT_CONVERSION = YES;
				GCC_WARN_ABOUT_RETURN_TYPE = YES_ERROR;
				GCC_WARN_UNDECLARED_SELECTOR = YES;
				GCC_WARN_UNINITIALIZED_AUTOS = YES_AGGRESSIVE;
				GCC_WARN_UNUSED_FUNCTION = YES;
				GCC_WARN_UNUSED_VARIABLE = YES;
				IPHONEOS_DEPLOYMENT_TARGET = 12.2;
				MTL_ENABLE_DEBUG_INFO = NO;
				MTL_FAST_MATH = YES;
				SDKROOT = iphoneos;
				SWIFT_COMPILATION_MODE = wholemodule;
				SWIFT_OPTIMIZATION_LEVEL = "-O";
				VALIDATE_PRODUCT = YES;
			};
			name = Release;
		};
		839E118322CC84A80096E43C /* Debug */ = {
			isa = XCBuildConfiguration;
			baseConfigurationReference = 385F4DCCD06520C7D1664878 /* Pods-VideoPlayer.debug.xcconfig */;
			buildSettings = {
				ASSETCATALOG_COMPILER_APPICON_NAME = AppIcon;
				CLANG_ENABLE_MODULES = YES;
				CODE_SIGN_STYLE = Automatic;
				DEVELOPMENT_TEAM = 77F6X5R2CN;
				ENABLE_BITCODE = NO;
				INFOPLIST_FILE = VideoPlayer/Info.plist;
				IPHONEOS_DEPLOYMENT_TARGET = 13.0;
				LD_RUNPATH_SEARCH_PATHS = (
					"$(inherited)",
					"@executable_path/Frameworks",
				);
				PRODUCT_BUNDLE_IDENTIFIER = com.kiwan.VideoPlayer2;
				PRODUCT_NAME = "$(TARGET_NAME)";
				SWIFT_OBJC_BRIDGING_HEADER = "VideoPlayer/VideoPlayer-Bridging-Header.h";
				SWIFT_OPTIMIZATION_LEVEL = "-Onone";
				SWIFT_VERSION = 5.0;
				TARGETED_DEVICE_FAMILY = "1,2";
			};
			name = Debug;
		};
		839E118422CC84A80096E43C /* Release */ = {
			isa = XCBuildConfiguration;
			baseConfigurationReference = DAD917FC3CC87FF5AADC8667 /* Pods-VideoPlayer.release.xcconfig */;
			buildSettings = {
				ASSETCATALOG_COMPILER_APPICON_NAME = AppIcon;
				CLANG_ENABLE_MODULES = YES;
				CODE_SIGN_STYLE = Automatic;
				DEVELOPMENT_TEAM = 77F6X5R2CN;
				ENABLE_BITCODE = NO;
				INFOPLIST_FILE = VideoPlayer/Info.plist;
				IPHONEOS_DEPLOYMENT_TARGET = 13.0;
				LD_RUNPATH_SEARCH_PATHS = (
					"$(inherited)",
					"@executable_path/Frameworks",
				);
				PRODUCT_BUNDLE_IDENTIFIER = com.kiwan.VideoPlayer2;
				PRODUCT_NAME = "$(TARGET_NAME)";
				SWIFT_OBJC_BRIDGING_HEADER = "VideoPlayer/VideoPlayer-Bridging-Header.h";
				SWIFT_VERSION = 5.0;
				TARGETED_DEVICE_FAMILY = "1,2";
			};
			name = Release;
		};
/* End XCBuildConfiguration section */

/* Begin XCConfigurationList section */
		839E116B22CC84A60096E43C /* Build configuration list for PBXProject "VideoPlayer" */ = {
			isa = XCConfigurationList;
			buildConfigurations = (
				839E118022CC84A80096E43C /* Debug */,
				839E118122CC84A80096E43C /* Release */,
			);
			defaultConfigurationIsVisible = 0;
			defaultConfigurationName = Release;
		};
		839E118222CC84A80096E43C /* Build configuration list for PBXNativeTarget "VideoPlayer" */ = {
			isa = XCConfigurationList;
			buildConfigurations = (
				839E118322CC84A80096E43C /* Debug */,
				839E118422CC84A80096E43C /* Release */,
			);
			defaultConfigurationIsVisible = 0;
			defaultConfigurationName = Release;
		};
/* End XCConfigurationList section */
	};
	rootObject = 839E116822CC84A60096E43C /* Project object */;
}
