// !$*UTF8*$!
{
	archiveVersion = 1;
	classes = {
	};
	objectVersion = 50;
	objects = {

/* Begin PBXBuildFile section */
		830BF88422FA8E5F00D3D848 /* CustomSlider.swift in Sources */ = {isa = PBXBuildFile; fileRef = 830BF88322FA8E5F00D3D848 /* CustomSlider.swift */; };
		8316088A22F0392C004390AA /* UINavigationController+.swift in Sources */ = {isa = PBXBuildFile; fileRef = 8316088922F0392C004390AA /* UINavigationController+.swift */; };
		8316088C22F150B4004390AA /* URL+.swift in Sources */ = {isa = PBXBuildFile; fileRef = 8316088B22F150B4004390AA /* URL+.swift */; };
		8327B07122F2B33200D31C84 /* PlayerUtils.swift in Sources */ = {isa = PBXBuildFile; fileRef = 8327B07022F2B33200D31C84 /* PlayerUtils.swift */; };
		8327B07522F3CCB800D31C84 /* PlayerView.xib in Resources */ = {isa = PBXBuildFile; fileRef = 8327B07422F3CCB800D31C84 /* PlayerView.xib */; };
		8327B07722F3CF4B00D31C84 /* VideoPlayerController.storyboard in Resources */ = {isa = PBXBuildFile; fileRef = 8327B07622F3CF4B00D31C84 /* VideoPlayerController.storyboard */; };
		8327B07922F3CF6700D31C84 /* VideoPlayerController.swift in Sources */ = {isa = PBXBuildFile; fileRef = 8327B07822F3CF6700D31C84 /* VideoPlayerController.swift */; };
		8327B07B22F4045300D31C84 /* PlayerSlider.swift in Sources */ = {isa = PBXBuildFile; fileRef = 8327B07A22F4045200D31C84 /* PlayerSlider.swift */; };
		8330BB3922E997830038FAE9 /* SampleVideo_1280x720_10mb.mp4 in Resources */ = {isa = PBXBuildFile; fileRef = 8330BB3822E997830038FAE9 /* SampleVideo_1280x720_10mb.mp4 */; };
		8330BB3B22E9A8860038FAE9 /* Prelude.mp3 in Resources */ = {isa = PBXBuildFile; fileRef = 8330BB3A22E9A8860038FAE9 /* Prelude.mp3 */; };
		8330BB3F22EA7EB60038FAE9 /* FileListViewController.storyboard in Resources */ = {isa = PBXBuildFile; fileRef = 8330BB3E22EA7EB60038FAE9 /* FileListViewController.storyboard */; };
		8330BB4122EA7ECB0038FAE9 /* FileListViewController.swift in Sources */ = {isa = PBXBuildFile; fileRef = 8330BB4022EA7ECB0038FAE9 /* FileListViewController.swift */; };
		8330BB4422EA80C50038FAE9 /* FileItemTableViewCell.swift in Sources */ = {isa = PBXBuildFile; fileRef = 8330BB4322EA80C50038FAE9 /* FileItemTableViewCell.swift */; };
		8330BB4A22EA81FE0038FAE9 /* FileObject.swift in Sources */ = {isa = PBXBuildFile; fileRef = 8330BB4922EA81FE0038FAE9 /* FileObject.swift */; };
		8330BB4B22EA8B3F0038FAE9 /* bulletTrain.mp4 in Resources */ = {isa = PBXBuildFile; fileRef = 8330BB4522EA81690038FAE9 /* bulletTrain.mp4 */; };
		8330BB4C22EA8B3F0038FAE9 /* monkey.mp4 in Resources */ = {isa = PBXBuildFile; fileRef = 8330BB4622EA81690038FAE9 /* monkey.mp4 */; };
		8330BB4D22EA8B3F0038FAE9 /* newYorkFlip.mp4 in Resources */ = {isa = PBXBuildFile; fileRef = 8330BB4722EA816A0038FAE9 /* newYorkFlip.mp4 */; };
		833CD48F22F2676B00617F63 /* TextViewerController.storyboard in Resources */ = {isa = PBXBuildFile; fileRef = 833CD48E22F2676B00617F63 /* TextViewerController.storyboard */; };
		833CD49122F267BB00617F63 /* TextViewerController.swift in Sources */ = {isa = PBXBuildFile; fileRef = 833CD49022F267BB00617F63 /* TextViewerController.swift */; };
		833CD49422F2A2B900617F63 /* Player.swift in Sources */ = {isa = PBXBuildFile; fileRef = 833CD49322F2A2B900617F63 /* Player.swift */; };
		833CD49622F2A68300617F63 /* PlayerView.swift in Sources */ = {isa = PBXBuildFile; fileRef = 833CD49522F2A68300617F63 /* PlayerView.swift */; };
		8361C6C622EEE40B006ECF31 /* String+.swift in Sources */ = {isa = PBXBuildFile; fileRef = 8361C6C522EEE40B006ECF31 /* String+.swift */; };
		83668D4022EE9147003C918B /* PlayMode.swift in Sources */ = {isa = PBXBuildFile; fileRef = 83668D3F22EE9147003C918B /* PlayMode.swift */; };
		83668D4222EEAE0C003C918B /* CheapBitesizedIslandcanary-size_restricted.gif in Resources */ = {isa = PBXBuildFile; fileRef = 83668D4122EEAE0C003C918B /* CheapBitesizedIslandcanary-size_restricted.gif */; };
		83668D4822EEAE3C003C918B /* UIImage+SwiftyGif.swift in Sources */ = {isa = PBXBuildFile; fileRef = 83668D4522EEAE3C003C918B /* UIImage+SwiftyGif.swift */; };
		83668D4922EEAE3C003C918B /* UIImageView+SwiftyGif.swift in Sources */ = {isa = PBXBuildFile; fileRef = 83668D4622EEAE3C003C918B /* UIImageView+SwiftyGif.swift */; };
		83668D4A22EEAE3C003C918B /* SwiftyGifManager.swift in Sources */ = {isa = PBXBuildFile; fileRef = 83668D4722EEAE3C003C918B /* SwiftyGifManager.swift */; };
		837F8A3422F1813D005E0822 /* ImageViewerController.storyboard in Resources */ = {isa = PBXBuildFile; fileRef = 837F8A3322F1813D005E0822 /* ImageViewerController.storyboard */; };
		837F8A3622F18151005E0822 /* ImageViewerController.swift in Sources */ = {isa = PBXBuildFile; fileRef = 837F8A3522F18151005E0822 /* ImageViewerController.swift */; };
		839E117422CC84A60096E43C /* AppDelegate.swift in Sources */ = {isa = PBXBuildFile; fileRef = 839E117322CC84A60096E43C /* AppDelegate.swift */; };
		839E117622CC84A60096E43C /* PlayViewController.swift in Sources */ = {isa = PBXBuildFile; fileRef = 839E117522CC84A60096E43C /* PlayViewController.swift */; };
		839E117922CC84A60096E43C /* PlayViewController.storyboard in Resources */ = {isa = PBXBuildFile; fileRef = 839E117722CC84A60096E43C /* PlayViewController.storyboard */; };
		839E117B22CC84A80096E43C /* Assets.xcassets in Resources */ = {isa = PBXBuildFile; fileRef = 839E117A22CC84A80096E43C /* Assets.xcassets */; };
		839E117E22CC84A80096E43C /* LaunchScreen.storyboard in Resources */ = {isa = PBXBuildFile; fileRef = 839E117C22CC84A80096E43C /* LaunchScreen.storyboard */; };
		839E118E22CC930C0096E43C /* VideoView.swift in Sources */ = {isa = PBXBuildFile; fileRef = 839E118C22CC930C0096E43C /* VideoView.swift */; };
		839E119322CC96FC0096E43C /* VideoControllerView.swift in Sources */ = {isa = PBXBuildFile; fileRef = 839E119222CC96FC0096E43C /* VideoControllerView.swift */; };
		839E119522CC98A00096E43C /* VideoControllerView.xib in Resources */ = {isa = PBXBuildFile; fileRef = 839E119422CC98A00096E43C /* VideoControllerView.xib */; };
		839F9DF222EFC278003AFA0D /* FileExtension.swift in Sources */ = {isa = PBXBuildFile; fileRef = 839F9DF122EFC278003AFA0D /* FileExtension.swift */; };
		839F9DF422EFDAEB003AFA0D /* UIColor+.swift in Sources */ = {isa = PBXBuildFile; fileRef = 839F9DF322EFDAEB003AFA0D /* UIColor+.swift */; };
		839F9DF622EFFDED003AFA0D /* VideoObject.swift in Sources */ = {isa = PBXBuildFile; fileRef = 839F9DF522EFFDED003AFA0D /* VideoObject.swift */; };
		83A384A222CDC6C1007EA28D /* AVPlayer+.swift in Sources */ = {isa = PBXBuildFile; fileRef = 83A384A122CDC6C1007EA28D /* AVPlayer+.swift */; };
/* End PBXBuildFile section */

/* Begin PBXFileReference section */
		830BF88322FA8E5F00D3D848 /* CustomSlider.swift */ = {isa = PBXFileReference; lastKnownFileType = sourcecode.swift; path = CustomSlider.swift; sourceTree = "<group>"; };
		8316088922F0392C004390AA /* UINavigationController+.swift */ = {isa = PBXFileReference; lastKnownFileType = sourcecode.swift; path = "UINavigationController+.swift"; sourceTree = "<group>"; };
		8316088B22F150B4004390AA /* URL+.swift */ = {isa = PBXFileReference; lastKnownFileType = sourcecode.swift; path = "URL+.swift"; sourceTree = "<group>"; };
		8327B07022F2B33200D31C84 /* PlayerUtils.swift */ = {isa = PBXFileReference; lastKnownFileType = sourcecode.swift; path = PlayerUtils.swift; sourceTree = "<group>"; };
		8327B07422F3CCB800D31C84 /* PlayerView.xib */ = {isa = PBXFileReference; lastKnownFileType = file.xib; path = PlayerView.xib; sourceTree = "<group>"; };
		8327B07622F3CF4B00D31C84 /* VideoPlayerController.storyboard */ = {isa = PBXFileReference; lastKnownFileType = file.storyboard; path = VideoPlayerController.storyboard; sourceTree = "<group>"; };
		8327B07822F3CF6700D31C84 /* VideoPlayerController.swift */ = {isa = PBXFileReference; lastKnownFileType = sourcecode.swift; path = VideoPlayerController.swift; sourceTree = "<group>"; };
		8327B07A22F4045200D31C84 /* PlayerSlider.swift */ = {isa = PBXFileReference; lastKnownFileType = sourcecode.swift; path = PlayerSlider.swift; sourceTree = "<group>"; };
		8330BB3822E997830038FAE9 /* SampleVideo_1280x720_10mb.mp4 */ = {isa = PBXFileReference; lastKnownFileType = file; path = SampleVideo_1280x720_10mb.mp4; sourceTree = "<group>"; };
		8330BB3A22E9A8860038FAE9 /* Prelude.mp3 */ = {isa = PBXFileReference; lastKnownFileType = audio.mp3; path = Prelude.mp3; sourceTree = "<group>"; };
		8330BB3E22EA7EB60038FAE9 /* FileListViewController.storyboard */ = {isa = PBXFileReference; lastKnownFileType = file.storyboard; path = FileListViewController.storyboard; sourceTree = "<group>"; };
		8330BB4022EA7ECB0038FAE9 /* FileListViewController.swift */ = {isa = PBXFileReference; lastKnownFileType = sourcecode.swift; path = FileListViewController.swift; sourceTree = "<group>"; };
		8330BB4322EA80C50038FAE9 /* FileItemTableViewCell.swift */ = {isa = PBXFileReference; lastKnownFileType = sourcecode.swift; path = FileItemTableViewCell.swift; sourceTree = "<group>"; };
		8330BB4522EA81690038FAE9 /* bulletTrain.mp4 */ = {isa = PBXFileReference; lastKnownFileType = file; path = bulletTrain.mp4; sourceTree = "<group>"; };
		8330BB4622EA81690038FAE9 /* monkey.mp4 */ = {isa = PBXFileReference; lastKnownFileType = file; path = monkey.mp4; sourceTree = "<group>"; };
		8330BB4722EA816A0038FAE9 /* newYorkFlip.mp4 */ = {isa = PBXFileReference; lastKnownFileType = file; path = newYorkFlip.mp4; sourceTree = "<group>"; };
		8330BB4922EA81FE0038FAE9 /* FileObject.swift */ = {isa = PBXFileReference; lastKnownFileType = sourcecode.swift; path = FileObject.swift; sourceTree = "<group>"; };
		833CD48E22F2676B00617F63 /* TextViewerController.storyboard */ = {isa = PBXFileReference; lastKnownFileType = file.storyboard; path = TextViewerController.storyboard; sourceTree = "<group>"; };
		833CD49022F267BB00617F63 /* TextViewerController.swift */ = {isa = PBXFileReference; lastKnownFileType = sourcecode.swift; path = TextViewerController.swift; sourceTree = "<group>"; };
		833CD49322F2A2B900617F63 /* Player.swift */ = {isa = PBXFileReference; lastKnownFileType = sourcecode.swift; path = Player.swift; sourceTree = "<group>"; };
		833CD49522F2A68300617F63 /* PlayerView.swift */ = {isa = PBXFileReference; lastKnownFileType = sourcecode.swift; path = PlayerView.swift; sourceTree = "<group>"; };
		8361C6C522EEE40B006ECF31 /* String+.swift */ = {isa = PBXFileReference; lastKnownFileType = sourcecode.swift; path = "String+.swift"; sourceTree = "<group>"; };
		83668D3F22EE9147003C918B /* PlayMode.swift */ = {isa = PBXFileReference; lastKnownFileType = sourcecode.swift; name = PlayMode.swift; path = ../../Video/PlayMode.swift; sourceTree = "<group>"; };
		83668D4122EEAE0C003C918B /* CheapBitesizedIslandcanary-size_restricted.gif */ = {isa = PBXFileReference; lastKnownFileType = image.gif; path = "CheapBitesizedIslandcanary-size_restricted.gif"; sourceTree = "<group>"; };
		83668D4522EEAE3C003C918B /* UIImage+SwiftyGif.swift */ = {isa = PBXFileReference; fileEncoding = 4; lastKnownFileType = sourcecode.swift; path = "UIImage+SwiftyGif.swift"; sourceTree = "<group>"; };
		83668D4622EEAE3C003C918B /* UIImageView+SwiftyGif.swift */ = {isa = PBXFileReference; fileEncoding = 4; lastKnownFileType = sourcecode.swift; path = "UIImageView+SwiftyGif.swift"; sourceTree = "<group>"; };
		83668D4722EEAE3C003C918B /* SwiftyGifManager.swift */ = {isa = PBXFileReference; fileEncoding = 4; lastKnownFileType = sourcecode.swift; path = SwiftyGifManager.swift; sourceTree = "<group>"; };
		837F8A3322F1813D005E0822 /* ImageViewerController.storyboard */ = {isa = PBXFileReference; lastKnownFileType = file.storyboard; path = ImageViewerController.storyboard; sourceTree = "<group>"; };
		837F8A3522F18151005E0822 /* ImageViewerController.swift */ = {isa = PBXFileReference; lastKnownFileType = sourcecode.swift; path = ImageViewerController.swift; sourceTree = "<group>"; };
		839E117022CC84A60096E43C /* VideoPlayer.app */ = {isa = PBXFileReference; explicitFileType = wrapper.application; includeInIndex = 0; path = VideoPlayer.app; sourceTree = BUILT_PRODUCTS_DIR; };
		839E117322CC84A60096E43C /* AppDelegate.swift */ = {isa = PBXFileReference; lastKnownFileType = sourcecode.swift; path = AppDelegate.swift; sourceTree = "<group>"; };
		839E117522CC84A60096E43C /* PlayViewController.swift */ = {isa = PBXFileReference; lastKnownFileType = sourcecode.swift; path = PlayViewController.swift; sourceTree = "<group>"; };
		839E117822CC84A60096E43C /* Base */ = {isa = PBXFileReference; lastKnownFileType = file.storyboard; name = Base; path = Base.lproj/PlayViewController.storyboard; sourceTree = "<group>"; };
		839E117A22CC84A80096E43C /* Assets.xcassets */ = {isa = PBXFileReference; lastKnownFileType = folder.assetcatalog; path = Assets.xcassets; sourceTree = "<group>"; };
		839E117D22CC84A80096E43C /* Base */ = {isa = PBXFileReference; lastKnownFileType = file.storyboard; name = Base; path = Base.lproj/LaunchScreen.storyboard; sourceTree = "<group>"; };
		839E117F22CC84A80096E43C /* Info.plist */ = {isa = PBXFileReference; lastKnownFileType = text.plist.xml; path = Info.plist; sourceTree = "<group>"; };
		839E118C22CC930C0096E43C /* VideoView.swift */ = {isa = PBXFileReference; fileEncoding = 4; lastKnownFileType = sourcecode.swift; path = VideoView.swift; sourceTree = "<group>"; };
		839E119222CC96FC0096E43C /* VideoControllerView.swift */ = {isa = PBXFileReference; lastKnownFileType = sourcecode.swift; path = VideoControllerView.swift; sourceTree = "<group>"; };
		839E119422CC98A00096E43C /* VideoControllerView.xib */ = {isa = PBXFileReference; lastKnownFileType = file.xib; path = VideoControllerView.xib; sourceTree = "<group>"; };
		839F9DF122EFC278003AFA0D /* FileExtension.swift */ = {isa = PBXFileReference; lastKnownFileType = sourcecode.swift; name = FileExtension.swift; path = VideoPlayer/Common/Extension/FileExtension.swift; sourceTree = SOURCE_ROOT; };
		839F9DF322EFDAEB003AFA0D /* UIColor+.swift */ = {isa = PBXFileReference; lastKnownFileType = sourcecode.swift; path = "UIColor+.swift"; sourceTree = "<group>"; };
		839F9DF522EFFDED003AFA0D /* VideoObject.swift */ = {isa = PBXFileReference; lastKnownFileType = sourcecode.swift; path = VideoObject.swift; sourceTree = "<group>"; };
		83A384A122CDC6C1007EA28D /* AVPlayer+.swift */ = {isa = PBXFileReference; lastKnownFileType = sourcecode.swift; path = "AVPlayer+.swift"; sourceTree = "<group>"; };
/* End PBXFileReference section */

/* Begin PBXFrameworksBuildPhase section */
		839E116D22CC84A60096E43C /* Frameworks */ = {
			isa = PBXFrameworksBuildPhase;
			buildActionMask = 2147483647;
			files = (
			);
			runOnlyForDeploymentPostprocessing = 0;
		};
/* End PBXFrameworksBuildPhase section */

/* Begin PBXGroup section */
		8330BB0E22E98F510038FAE9 /* Local Videos */ = {
			isa = PBXGroup;
			children = (
				8330BB4522EA81690038FAE9 /* bulletTrain.mp4 */,
				8330BB4622EA81690038FAE9 /* monkey.mp4 */,
				8330BB4722EA816A0038FAE9 /* newYorkFlip.mp4 */,
				8330BB3A22E9A8860038FAE9 /* Prelude.mp3 */,
				8330BB3822E997830038FAE9 /* SampleVideo_1280x720_10mb.mp4 */,
			);
			path = "Local Videos";
			sourceTree = "<group>";
		};
		8330BB3C22EA7E8E0038FAE9 /* View */ = {
			isa = PBXGroup;
			children = (
				8330BB3E22EA7EB60038FAE9 /* FileListViewController.storyboard */,
				839E117722CC84A60096E43C /* PlayViewController.storyboard */,
				837F8A3322F1813D005E0822 /* ImageViewerController.storyboard */,
				833CD48E22F2676B00617F63 /* TextViewerController.storyboard */,
				8327B07622F3CF4B00D31C84 /* VideoPlayerController.storyboard */,
			);
			path = View;
			sourceTree = "<group>";
		};
		8330BB3D22EA7E910038FAE9 /* Controller */ = {
			isa = PBXGroup;
			children = (
				8330BB4022EA7ECB0038FAE9 /* FileListViewController.swift */,
				839E117522CC84A60096E43C /* PlayViewController.swift */,
				837F8A3522F18151005E0822 /* ImageViewerController.swift */,
				833CD49022F267BB00617F63 /* TextViewerController.swift */,
				8327B07822F3CF6700D31C84 /* VideoPlayerController.swift */,
			);
			path = Controller;
			sourceTree = "<group>";
		};
		8330BB4222EA80B30038FAE9 /* CustomCell */ = {
			isa = PBXGroup;
			children = (
				8330BB4322EA80C50038FAE9 /* FileItemTableViewCell.swift */,
			);
			path = CustomCell;
			sourceTree = "<group>";
		};
		8330BB4822EA81E90038FAE9 /* Model */ = {
			isa = PBXGroup;
			children = (
				8330BB4922EA81FE0038FAE9 /* FileObject.swift */,
				839F9DF522EFFDED003AFA0D /* VideoObject.swift */,
			);
			path = Model;
			sourceTree = "<group>";
		};
		833CD49222F2A29300617F63 /* Player */ = {
			isa = PBXGroup;
			children = (
				833CD49322F2A2B900617F63 /* Player.swift */,
				8327B07422F3CCB800D31C84 /* PlayerView.xib */,
				833CD49522F2A68300617F63 /* PlayerView.swift */,
				8327B07022F2B33200D31C84 /* PlayerUtils.swift */,
				8327B07A22F4045200D31C84 /* PlayerSlider.swift */,
				830BF88322FA8E5F00D3D848 /* CustomSlider.swift */,
			);
			path = Player;
			sourceTree = "<group>";
		};
		8361C6C722EFC15C006ECF31 /* Enum */ = {
			isa = PBXGroup;
			children = (
				83668D3F22EE9147003C918B /* PlayMode.swift */,
				839F9DF122EFC278003AFA0D /* FileExtension.swift */,
			);
			path = Enum;
			sourceTree = "<group>";
		};
		83668D4322EEAE27003C918B /* Library */ = {
			isa = PBXGroup;
			children = (
				833CD49222F2A29300617F63 /* Player */,
				83668D4422EEAE2D003C918B /* SwiftyGif */,
			);
			path = Library;
			sourceTree = "<group>";
		};
		83668D4422EEAE2D003C918B /* SwiftyGif */ = {
			isa = PBXGroup;
			children = (
				83668D4722EEAE3C003C918B /* SwiftyGifManager.swift */,
				83668D4522EEAE3C003C918B /* UIImage+SwiftyGif.swift */,
				83668D4622EEAE3C003C918B /* UIImageView+SwiftyGif.swift */,
			);
			path = SwiftyGif;
			sourceTree = "<group>";
		};
		839E116722CC84A60096E43C = {
			isa = PBXGroup;
			children = (
				839E117222CC84A60096E43C /* VideoPlayer */,
				839E117122CC84A60096E43C /* Products */,
			);
			sourceTree = "<group>";
		};
		839E117122CC84A60096E43C /* Products */ = {
			isa = PBXGroup;
			children = (
				839E117022CC84A60096E43C /* VideoPlayer.app */,
			);
			name = Products;
			sourceTree = "<group>";
		};
		839E117222CC84A60096E43C /* VideoPlayer */ = {
			isa = PBXGroup;
			children = (
				839E117322CC84A60096E43C /* AppDelegate.swift */,
				83A3849F22CDC6A8007EA28D /* Common */,
				8330BB4822EA81E90038FAE9 /* Model */,
				839E118B22CC92F60096E43C /* Video */,
				8330BB3C22EA7E8E0038FAE9 /* View */,
				8330BB3D22EA7E910038FAE9 /* Controller */,
				8330BB4222EA80B30038FAE9 /* CustomCell */,
				839E117A22CC84A80096E43C /* Assets.xcassets */,
				839E117C22CC84A80096E43C /* LaunchScreen.storyboard */,
				839E117F22CC84A80096E43C /* Info.plist */,
				83668D4122EEAE0C003C918B /* CheapBitesizedIslandcanary-size_restricted.gif */,
				8330BB0E22E98F510038FAE9 /* Local Videos */,
			);
			path = VideoPlayer;
			sourceTree = "<group>";
		};
		839E118B22CC92F60096E43C /* Video */ = {
			isa = PBXGroup;
			children = (
				839E118C22CC930C0096E43C /* VideoView.swift */,
				839E119222CC96FC0096E43C /* VideoControllerView.swift */,
				839E119422CC98A00096E43C /* VideoControllerView.xib */,
			);
			path = Video;
			sourceTree = "<group>";
		};
		83A3849F22CDC6A8007EA28D /* Common */ = {
			isa = PBXGroup;
			children = (
				8361C6C722EFC15C006ECF31 /* Enum */,
				83668D4322EEAE27003C918B /* Library */,
				83A384A022CDC6AD007EA28D /* Extension */,
			);
			path = Common;
			sourceTree = "<group>";
		};
		83A384A022CDC6AD007EA28D /* Extension */ = {
			isa = PBXGroup;
			children = (
				83A384A122CDC6C1007EA28D /* AVPlayer+.swift */,
				8361C6C522EEE40B006ECF31 /* String+.swift */,
				839F9DF322EFDAEB003AFA0D /* UIColor+.swift */,
				8316088922F0392C004390AA /* UINavigationController+.swift */,
				8316088B22F150B4004390AA /* URL+.swift */,
			);
			path = Extension;
			sourceTree = "<group>";
		};
/* End PBXGroup section */

/* Begin PBXNativeTarget section */
		839E116F22CC84A60096E43C /* VideoPlayer */ = {
			isa = PBXNativeTarget;
			buildConfigurationList = 839E118222CC84A80096E43C /* Build configuration list for PBXNativeTarget "VideoPlayer" */;
			buildPhases = (
				839E116C22CC84A60096E43C /* Sources */,
				839E116D22CC84A60096E43C /* Frameworks */,
				839E116E22CC84A60096E43C /* Resources */,
			);
			buildRules = (
			);
			dependencies = (
			);
			name = VideoPlayer;
			productName = VideoPlayer;
			productReference = 839E117022CC84A60096E43C /* VideoPlayer.app */;
			productType = "com.apple.product-type.application";
		};
/* End PBXNativeTarget section */

/* Begin PBXProject section */
		839E116822CC84A60096E43C /* Project object */ = {
			isa = PBXProject;
			attributes = {
				LastSwiftUpdateCheck = 1020;
				LastUpgradeCheck = 1020;
				ORGANIZATIONNAME = kiwan;
				TargetAttributes = {
					839E116F22CC84A60096E43C = {
						CreatedOnToolsVersion = 10.2.1;
						SystemCapabilities = {
							com.apple.BackgroundModes = {
								enabled = 1;
							};
						};
					};
				};
			};
			buildConfigurationList = 839E116B22CC84A60096E43C /* Build configuration list for PBXProject "VideoPlayer" */;
			compatibilityVersion = "Xcode 9.3";
			developmentRegion = en;
			hasScannedForEncodings = 0;
			knownRegions = (
				en,
				Base,
			);
			mainGroup = 839E116722CC84A60096E43C;
			productRefGroup = 839E117122CC84A60096E43C /* Products */;
			projectDirPath = "";
			projectRoot = "";
			targets = (
				839E116F22CC84A60096E43C /* VideoPlayer */,
			);
		};
/* End PBXProject section */

/* Begin PBXResourcesBuildPhase section */
		839E116E22CC84A60096E43C /* Resources */ = {
			isa = PBXResourcesBuildPhase;
			buildActionMask = 2147483647;
			files = (
				83668D4222EEAE0C003C918B /* CheapBitesizedIslandcanary-size_restricted.gif in Resources */,
				8330BB4B22EA8B3F0038FAE9 /* bulletTrain.mp4 in Resources */,
				8330BB4C22EA8B3F0038FAE9 /* monkey.mp4 in Resources */,
				8330BB4D22EA8B3F0038FAE9 /* newYorkFlip.mp4 in Resources */,
				839E117E22CC84A80096E43C /* LaunchScreen.storyboard in Resources */,
				839E117B22CC84A80096E43C /* Assets.xcassets in Resources */,
				839E119522CC98A00096E43C /* VideoControllerView.xib in Resources */,
				8327B07522F3CCB800D31C84 /* PlayerView.xib in Resources */,
				8330BB3F22EA7EB60038FAE9 /* FileListViewController.storyboard in Resources */,
				833CD48F22F2676B00617F63 /* TextViewerController.storyboard in Resources */,
				8330BB3922E997830038FAE9 /* SampleVideo_1280x720_10mb.mp4 in Resources */,
				839E117922CC84A60096E43C /* PlayViewController.storyboard in Resources */,
				8330BB3B22E9A8860038FAE9 /* Prelude.mp3 in Resources */,
				8327B07722F3CF4B00D31C84 /* VideoPlayerController.storyboard in Resources */,
				837F8A3422F1813D005E0822 /* ImageViewerController.storyboard in Resources */,
			);
			runOnlyForDeploymentPostprocessing = 0;
		};
/* End PBXResourcesBuildPhase section */

/* Begin PBXSourcesBuildPhase section */
		839E116C22CC84A60096E43C /* Sources */ = {
			isa = PBXSourcesBuildPhase;
			buildActionMask = 2147483647;
			files = (
				8316088A22F0392C004390AA /* UINavigationController+.swift in Sources */,
				8316088C22F150B4004390AA /* URL+.swift in Sources */,
				83668D4A22EEAE3C003C918B /* SwiftyGifManager.swift in Sources */,
				833CD49622F2A68300617F63 /* PlayerView.swift in Sources */,
				839E118E22CC930C0096E43C /* VideoView.swift in Sources */,
				833CD49422F2A2B900617F63 /* Player.swift in Sources */,
				8327B07B22F4045300D31C84 /* PlayerSlider.swift in Sources */,
				83A384A222CDC6C1007EA28D /* AVPlayer+.swift in Sources */,
				8330BB4A22EA81FE0038FAE9 /* FileObject.swift in Sources */,
				8330BB4122EA7ECB0038FAE9 /* FileListViewController.swift in Sources */,
				83668D4922EEAE3C003C918B /* UIImageView+SwiftyGif.swift in Sources */,
				83668D4822EEAE3C003C918B /* UIImage+SwiftyGif.swift in Sources */,
				839E117622CC84A60096E43C /* PlayViewController.swift in Sources */,
				8330BB4422EA80C50038FAE9 /* FileItemTableViewCell.swift in Sources */,
				8327B07922F3CF6700D31C84 /* VideoPlayerController.swift in Sources */,
				839F9DF222EFC278003AFA0D /* FileExtension.swift in Sources */,
				839F9DF622EFFDED003AFA0D /* VideoObject.swift in Sources */,
				839E119322CC96FC0096E43C /* VideoControllerView.swift in Sources */,
				8361C6C622EEE40B006ECF31 /* String+.swift in Sources */,
				8327B07122F2B33200D31C84 /* PlayerUtils.swift in Sources */,
				833CD49122F267BB00617F63 /* TextViewerController.swift in Sources */,
				83668D4022EE9147003C918B /* PlayMode.swift in Sources */,
				837F8A3622F18151005E0822 /* ImageViewerController.swift in Sources */,
				830BF88422FA8E5F00D3D848 /* CustomSlider.swift in Sources */,
				839E117422CC84A60096E43C /* AppDelegate.swift in Sources */,
				839F9DF422EFDAEB003AFA0D /* UIColor+.swift in Sources */,
			);
			runOnlyForDeploymentPostprocessing = 0;
		};
/* End PBXSourcesBuildPhase section */

/* Begin PBXVariantGroup section */
		839E117722CC84A60096E43C /* PlayViewController.storyboard */ = {
			isa = PBXVariantGroup;
			children = (
				839E117822CC84A60096E43C /* Base */,
			);
			name = PlayViewController.storyboard;
			sourceTree = "<group>";
		};
		839E117C22CC84A80096E43C /* LaunchScreen.storyboard */ = {
			isa = PBXVariantGroup;
			children = (
				839E117D22CC84A80096E43C /* Base */,
			);
			name = LaunchScreen.storyboard;
			sourceTree = "<group>";
		};
/* End PBXVariantGroup section */

/* Begin XCBuildConfiguration section */
		839E118022CC84A80096E43C /* Debug */ = {
			isa = XCBuildConfiguration;
			buildSettings = {
				ALWAYS_SEARCH_USER_PATHS = NO;
				CLANG_ANALYZER_NONNULL = YES;
				CLANG_ANALYZER_NUMBER_OBJECT_CONVERSION = YES_AGGRESSIVE;
				CLANG_CXX_LANGUAGE_STANDARD = "gnu++14";
				CLANG_CXX_LIBRARY = "libc++";
				CLANG_ENABLE_MODULES = YES;
				CLANG_ENABLE_OBJC_ARC = YES;
				CLANG_ENABLE_OBJC_WEAK = YES;
				CLANG_WARN_BLOCK_CAPTURE_AUTORELEASING = YES;
				CLANG_WARN_BOOL_CONVERSION = YES;
				CLANG_WARN_COMMA = YES;
				CLANG_WARN_CONSTANT_CONVERSION = YES;
				CLANG_WARN_DEPRECATED_OBJC_IMPLEMENTATIONS = YES;
				CLANG_WARN_DIRECT_OBJC_ISA_USAGE = YES_ERROR;
				CLANG_WARN_DOCUMENTATION_COMMENTS = YES;
				CLANG_WARN_EMPTY_BODY = YES;
				CLANG_WARN_ENUM_CONVERSION = YES;
				CLANG_WARN_INFINITE_RECURSION = YES;
				CLANG_WARN_INT_CONVERSION = YES;
				CLANG_WARN_NON_LITERAL_NULL_CONVERSION = YES;
				CLANG_WARN_OBJC_IMPLICIT_RETAIN_SELF = YES;
				CLANG_WARN_OBJC_LITERAL_CONVERSION = YES;
				CLANG_WARN_OBJC_ROOT_CLASS = YES_ERROR;
				CLANG_WARN_RANGE_LOOP_ANALYSIS = YES;
				CLANG_WARN_STRICT_PROTOTYPES = YES;
				CLANG_WARN_SUSPICIOUS_MOVE = YES;
				CLANG_WARN_UNGUARDED_AVAILABILITY = YES_AGGRESSIVE;
				CLANG_WARN_UNREACHABLE_CODE = YES;
				CLANG_WARN__DUPLICATE_METHOD_MATCH = YES;
				CODE_SIGN_IDENTITY = "iPhone Developer";
				COPY_PHASE_STRIP = NO;
				DEBUG_INFORMATION_FORMAT = dwarf;
				ENABLE_STRICT_OBJC_MSGSEND = YES;
				ENABLE_TESTABILITY = YES;
				GCC_C_LANGUAGE_STANDARD = gnu11;
				GCC_DYNAMIC_NO_PIC = NO;
				GCC_NO_COMMON_BLOCKS = YES;
				GCC_OPTIMIZATION_LEVEL = 0;
				GCC_PREPROCESSOR_DEFINITIONS = (
					"DEBUG=1",
					"$(inherited)",
				);
				GCC_WARN_64_TO_32_BIT_CONVERSION = YES;
				GCC_WARN_ABOUT_RETURN_TYPE = YES_ERROR;
				GCC_WARN_UNDECLARED_SELECTOR = YES;
				GCC_WARN_UNINITIALIZED_AUTOS = YES_AGGRESSIVE;
				GCC_WARN_UNUSED_FUNCTION = YES;
				GCC_WARN_UNUSED_VARIABLE = YES;
				IPHONEOS_DEPLOYMENT_TARGET = 12.2;
				MTL_ENABLE_DEBUG_INFO = INCLUDE_SOURCE;
				MTL_FAST_MATH = YES;
				ONLY_ACTIVE_ARCH = YES;
				SDKROOT = iphoneos;
				SWIFT_ACTIVE_COMPILATION_CONDITIONS = DEBUG;
				SWIFT_OPTIMIZATION_LEVEL = "-Onone";
			};
			name = Debug;
		};
		839E118122CC84A80096E43C /* Release */ = {
			isa = XCBuildConfiguration;
			buildSettings = {
				ALWAYS_SEARCH_USER_PATHS = NO;
				CLANG_ANALYZER_NONNULL = YES;
				CLANG_ANALYZER_NUMBER_OBJECT_CONVERSION = YES_AGGRESSIVE;
				CLANG_CXX_LANGUAGE_STANDARD = "gnu++14";
				CLANG_CXX_LIBRARY = "libc++";
				CLANG_ENABLE_MODULES = YES;
				CLANG_ENABLE_OBJC_ARC = YES;
				CLANG_ENABLE_OBJC_WEAK = YES;
				CLANG_WARN_BLOCK_CAPTURE_AUTORELEASING = YES;
				CLANG_WARN_BOOL_CONVERSION = YES;
				CLANG_WARN_COMMA = YES;
				CLANG_WARN_CONSTANT_CONVERSION = YES;
				CLANG_WARN_DEPRECATED_OBJC_IMPLEMENTATIONS = YES;
				CLANG_WARN_DIRECT_OBJC_ISA_USAGE = YES_ERROR;
				CLANG_WARN_DOCUMENTATION_COMMENTS = YES;
				CLANG_WARN_EMPTY_BODY = YES;
				CLANG_WARN_ENUM_CONVERSION = YES;
				CLANG_WARN_INFINITE_RECURSION = YES;
				CLANG_WARN_INT_CONVERSION = YES;
				CLANG_WARN_NON_LITERAL_NULL_CONVERSION = YES;
				CLANG_WARN_OBJC_IMPLICIT_RETAIN_SELF = YES;
				CLANG_WARN_OBJC_LITERAL_CONVERSION = YES;
				CLANG_WARN_OBJC_ROOT_CLASS = YES_ERROR;
				CLANG_WARN_RANGE_LOOP_ANALYSIS = YES;
				CLANG_WARN_STRICT_PROTOTYPES = YES;
				CLANG_WARN_SUSPICIOUS_MOVE = YES;
				CLANG_WARN_UNGUARDED_AVAILABILITY = YES_AGGRESSIVE;
				CLANG_WARN_UNREACHABLE_CODE = YES;
				CLANG_WARN__DUPLICATE_METHOD_MATCH = YES;
				CODE_SIGN_IDENTITY = "iPhone Developer";
				COPY_PHASE_STRIP = NO;
				DEBUG_INFORMATION_FORMAT = "dwarf-with-dsym";
				ENABLE_NS_ASSERTIONS = NO;
				ENABLE_STRICT_OBJC_MSGSEND = YES;
				GCC_C_LANGUAGE_STANDARD = gnu11;
				GCC_NO_COMMON_BLOCKS = YES;
				GCC_WARN_64_TO_32_BIT_CONVERSION = YES;
				GCC_WARN_ABOUT_RETURN_TYPE = YES_ERROR;
				GCC_WARN_UNDECLARED_SELECTOR = YES;
				GCC_WARN_UNINITIALIZED_AUTOS = YES_AGGRESSIVE;
				GCC_WARN_UNUSED_FUNCTION = YES;
				GCC_WARN_UNUSED_VARIABLE = YES;
				IPHONEOS_DEPLOYMENT_TARGET = 12.2;
				MTL_ENABLE_DEBUG_INFO = NO;
				MTL_FAST_MATH = YES;
				SDKROOT = iphoneos;
				SWIFT_COMPILATION_MODE = wholemodule;
				SWIFT_OPTIMIZATION_LEVEL = "-O";
				VALIDATE_PRODUCT = YES;
			};
			name = Release;
		};
		839E118322CC84A80096E43C /* Debug */ = {
			isa = XCBuildConfiguration;
			buildSettings = {
				ASSETCATALOG_COMPILER_APPICON_NAME = AppIcon;
				CODE_SIGN_STYLE = Automatic;
				DEVELOPMENT_TEAM = 77F6X5R2CN;
				INFOPLIST_FILE = VideoPlayer/Info.plist;
				LD_RUNPATH_SEARCH_PATHS = (
					"$(inherited)",
					"@executable_path/Frameworks",
				);
				PRODUCT_BUNDLE_IDENTIFIER = com.kiwan.VideoPlayer2;
				PRODUCT_NAME = "$(TARGET_NAME)";
				SWIFT_VERSION = 5.0;
				TARGETED_DEVICE_FAMILY = "1,2";
			};
			name = Debug;
		};
		839E118422CC84A80096E43C /* Release */ = {
			isa = XCBuildConfiguration;
			buildSettings = {
				ASSETCATALOG_COMPILER_APPICON_NAME = AppIcon;
				CODE_SIGN_STYLE = Automatic;
				DEVELOPMENT_TEAM = 77F6X5R2CN;
				INFOPLIST_FILE = VideoPlayer/Info.plist;
				LD_RUNPATH_SEARCH_PATHS = (
					"$(inherited)",
					"@executable_path/Frameworks",
				);
				PRODUCT_BUNDLE_IDENTIFIER = com.kiwan.VideoPlayer2;
				PRODUCT_NAME = "$(TARGET_NAME)";
				SWIFT_VERSION = 5.0;
				TARGETED_DEVICE_FAMILY = "1,2";
			};
			name = Release;
		};
/* End XCBuildConfiguration section */

/* Begin XCConfigurationList section */
		839E116B22CC84A60096E43C /* Build configuration list for PBXProject "VideoPlayer" */ = {
			isa = XCConfigurationList;
			buildConfigurations = (
				839E118022CC84A80096E43C /* Debug */,
				839E118122CC84A80096E43C /* Release */,
			);
			defaultConfigurationIsVisible = 0;
			defaultConfigurationName = Release;
		};
		839E118222CC84A80096E43C /* Build configuration list for PBXNativeTarget "VideoPlayer" */ = {
			isa = XCConfigurationList;
			buildConfigurations = (
				839E118322CC84A80096E43C /* Debug */,
				839E118422CC84A80096E43C /* Release */,
			);
			defaultConfigurationIsVisible = 0;
			defaultConfigurationName = Release;
		};
/* End XCConfigurationList section */
	};
	rootObject = 839E116822CC84A60096E43C /* Project object */;
}
